
Microsoft Visual Studio Solution File, Format Version 12.00
# Visual Studio Version 16
VisualStudioVersion = 16.0.30011.22
MinimumVisualStudioVersion = 10.0.40219.1
Project("{9A19103F-16F7-4668-BE54-9A1E7A4F7556}") = "annaCore", "reforce_annaBot\annaCore.csproj", "{9F9F6B2C-EC78-4887-9E2B-9765D1C8DE3C}"
EndProject
Project("{2150E333-8FDC-42A3-9474-1A3956D46DE8}") = "Core", "Core", "{F86FF579-9A2B-420A-A312-2C0906D51019}"
EndProject
Project("{2150E333-8FDC-42A3-9474-1A3956D46DE8}") = "IoT", "IoT", "{EDFFC0DD-9482-439E-B97D-AF41BAA68BD2}"
EndProject
Project("{2150E333-8FDC-42A3-9474-1A3956D46DE8}") = "Desktop", "Desktop", "{A38CFDE1-2957-4EF1-A77E-F9C05B9A8D47}"
EndProject
Project("{2150E333-8FDC-42A3-9474-1A3956D46DE8}") = "Web", "Web", "{8AB16A5A-2302-47FA-ADBB-756122FB1F51}"
EndProject
Project("{2150E333-8FDC-42A3-9474-1A3956D46DE8}") = "Developer Tools", "Developer Tools", "{4855C9B1-CB9B-484F-93B2-894C897CEB67}"
EndProject
Project("{9A19103F-16F7-4668-BE54-9A1E7A4F7556}") = "inputParser", "inputParser\inputParser.csproj", "{9116935B-16DE-4347-AFE0-DAF4D0DE54C1}"
EndProject
Project("{2150E333-8FDC-42A3-9474-1A3956D46DE8}") = "Solution Items", "Solution Items", "{0FAFDCB2-6D0D-4735-BDA1-39BD7ECE96CA}"
	ProjectSection(SolutionItems) = preProject
		.gitignore = .gitignore
		AnnaDisplay\appsettings.Development.json = AnnaDisplay\appsettings.Development.json
		AnnaDisplay\appsettings.json = AnnaDisplay\appsettings.json
		license.txt = license.txt
		README.md = README.md
	EndProjectSection
EndProject
Project("{9A19103F-16F7-4668-BE54-9A1E7A4F7556}") = "reforce_annaBotML.Model", "reforce_annaBotML.Model\reforce_annaBotML.Model.csproj", "{B6C0021C-4A2C-4075-9331-0CB9805F7ACB}"
EndProject
Project("{9A19103F-16F7-4668-BE54-9A1E7A4F7556}") = "AnnaMLTools", "annaMLTools\AnnaMLTools.csproj", "{43749FFF-BF2C-441D-B02D-CE09F15603D4}"
EndProject
Project("{2150E333-8FDC-42A3-9474-1A3956D46DE8}") = "Mobile", "Mobile", "{3B5EC9A0-F1AF-4777-912E-448D62AEDE12}"
EndProject
Project("{2150E333-8FDC-42A3-9474-1A3956D46DE8}") = "Modules", "Modules", "{065873FA-01BD-4B55-A58F-51600D74A354}"
EndProject
Project("{2150E333-8FDC-42A3-9474-1A3956D46DE8}") = "Experimental", "Experimental", "{C51ECCC7-59F3-475B-A8EC-378BF27A6309}"
EndProject
Project("{9A19103F-16F7-4668-BE54-9A1E7A4F7556}") = "annaCore2", "annaCore2\annaCore2.csproj", "{5E623F4C-9A93-4FA9-A7A8-C1ECA9EC7A0B}"
EndProject
Project("{9A19103F-16F7-4668-BE54-9A1E7A4F7556}") = "TestExtension", "TestExtension\TestExtension.csproj", "{6C7C78E4-AF9C-409F-8D34-465539CEE5F6}"
EndProject
Project("{FAE04EC0-301F-11D3-BF4B-00C04F79EFBC}") = "ANNATests", "ANNATests\ANNATests.csproj", "{6A09828B-7BBA-40A6-BADE-B3CA4C238177}"
EndProject
Global
	GlobalSection(SolutionConfigurationPlatforms) = preSolution
		Ad-Hoc|Any CPU = Ad-Hoc|Any CPU
		Ad-Hoc|ARM = Ad-Hoc|ARM
		Ad-Hoc|ARM64 = Ad-Hoc|ARM64
		Ad-Hoc|iPhone = Ad-Hoc|iPhone
		Ad-Hoc|iPhoneSimulator = Ad-Hoc|iPhoneSimulator
		Ad-Hoc|x64 = Ad-Hoc|x64
		Ad-Hoc|x86 = Ad-Hoc|x86
		AppStore|Any CPU = AppStore|Any CPU
		AppStore|ARM = AppStore|ARM
		AppStore|ARM64 = AppStore|ARM64
		AppStore|iPhone = AppStore|iPhone
		AppStore|iPhoneSimulator = AppStore|iPhoneSimulator
		AppStore|x64 = AppStore|x64
		AppStore|x86 = AppStore|x86
		Debug|Any CPU = Debug|Any CPU
		Debug|ARM = Debug|ARM
		Debug|ARM64 = Debug|ARM64
		Debug|iPhone = Debug|iPhone
		Debug|iPhoneSimulator = Debug|iPhoneSimulator
		Debug|x64 = Debug|x64
		Debug|x86 = Debug|x86
		Release|Any CPU = Release|Any CPU
		Release|ARM = Release|ARM
		Release|ARM64 = Release|ARM64
		Release|iPhone = Release|iPhone
		Release|iPhoneSimulator = Release|iPhoneSimulator
		Release|x64 = Release|x64
		Release|x86 = Release|x86
	EndGlobalSection
	GlobalSection(ProjectConfigurationPlatforms) = postSolution
		{9F9F6B2C-EC78-4887-9E2B-9765D1C8DE3C}.Ad-Hoc|Any CPU.ActiveCfg = Release|Any CPU
		{9F9F6B2C-EC78-4887-9E2B-9765D1C8DE3C}.Ad-Hoc|Any CPU.Build.0 = Release|Any CPU
		{9F9F6B2C-EC78-4887-9E2B-9765D1C8DE3C}.Ad-Hoc|ARM.ActiveCfg = Release|Any CPU
		{9F9F6B2C-EC78-4887-9E2B-9765D1C8DE3C}.Ad-Hoc|ARM.Build.0 = Release|Any CPU
		{9F9F6B2C-EC78-4887-9E2B-9765D1C8DE3C}.Ad-Hoc|ARM64.ActiveCfg = Release|Any CPU
		{9F9F6B2C-EC78-4887-9E2B-9765D1C8DE3C}.Ad-Hoc|ARM64.Build.0 = Release|Any CPU
		{9F9F6B2C-EC78-4887-9E2B-9765D1C8DE3C}.Ad-Hoc|iPhone.ActiveCfg = Release|Any CPU
		{9F9F6B2C-EC78-4887-9E2B-9765D1C8DE3C}.Ad-Hoc|iPhone.Build.0 = Release|Any CPU
		{9F9F6B2C-EC78-4887-9E2B-9765D1C8DE3C}.Ad-Hoc|iPhoneSimulator.ActiveCfg = Release|Any CPU
		{9F9F6B2C-EC78-4887-9E2B-9765D1C8DE3C}.Ad-Hoc|iPhoneSimulator.Build.0 = Release|Any CPU
		{9F9F6B2C-EC78-4887-9E2B-9765D1C8DE3C}.Ad-Hoc|x64.ActiveCfg = Release|Any CPU
		{9F9F6B2C-EC78-4887-9E2B-9765D1C8DE3C}.Ad-Hoc|x64.Build.0 = Release|Any CPU
		{9F9F6B2C-EC78-4887-9E2B-9765D1C8DE3C}.Ad-Hoc|x86.ActiveCfg = Release|Any CPU
		{9F9F6B2C-EC78-4887-9E2B-9765D1C8DE3C}.Ad-Hoc|x86.Build.0 = Release|Any CPU
		{9F9F6B2C-EC78-4887-9E2B-9765D1C8DE3C}.AppStore|Any CPU.ActiveCfg = Release|Any CPU
		{9F9F6B2C-EC78-4887-9E2B-9765D1C8DE3C}.AppStore|Any CPU.Build.0 = Release|Any CPU
		{9F9F6B2C-EC78-4887-9E2B-9765D1C8DE3C}.AppStore|ARM.ActiveCfg = Release|Any CPU
		{9F9F6B2C-EC78-4887-9E2B-9765D1C8DE3C}.AppStore|ARM.Build.0 = Release|Any CPU
		{9F9F6B2C-EC78-4887-9E2B-9765D1C8DE3C}.AppStore|ARM64.ActiveCfg = Release|Any CPU
		{9F9F6B2C-EC78-4887-9E2B-9765D1C8DE3C}.AppStore|ARM64.Build.0 = Release|Any CPU
		{9F9F6B2C-EC78-4887-9E2B-9765D1C8DE3C}.AppStore|iPhone.ActiveCfg = Release|Any CPU
		{9F9F6B2C-EC78-4887-9E2B-9765D1C8DE3C}.AppStore|iPhone.Build.0 = Release|Any CPU
		{9F9F6B2C-EC78-4887-9E2B-9765D1C8DE3C}.AppStore|iPhoneSimulator.ActiveCfg = Release|Any CPU
		{9F9F6B2C-EC78-4887-9E2B-9765D1C8DE3C}.AppStore|iPhoneSimulator.Build.0 = Release|Any CPU
		{9F9F6B2C-EC78-4887-9E2B-9765D1C8DE3C}.AppStore|x64.ActiveCfg = Release|Any CPU
		{9F9F6B2C-EC78-4887-9E2B-9765D1C8DE3C}.AppStore|x64.Build.0 = Release|Any CPU
		{9F9F6B2C-EC78-4887-9E2B-9765D1C8DE3C}.AppStore|x86.ActiveCfg = Release|Any CPU
		{9F9F6B2C-EC78-4887-9E2B-9765D1C8DE3C}.AppStore|x86.Build.0 = Release|Any CPU
		{9F9F6B2C-EC78-4887-9E2B-9765D1C8DE3C}.Debug|Any CPU.ActiveCfg = Debug|Any CPU
		{9F9F6B2C-EC78-4887-9E2B-9765D1C8DE3C}.Debug|Any CPU.Build.0 = Debug|Any CPU
		{9F9F6B2C-EC78-4887-9E2B-9765D1C8DE3C}.Debug|ARM.ActiveCfg = Debug|Any CPU
		{9F9F6B2C-EC78-4887-9E2B-9765D1C8DE3C}.Debug|ARM.Build.0 = Debug|Any CPU
		{9F9F6B2C-EC78-4887-9E2B-9765D1C8DE3C}.Debug|ARM64.ActiveCfg = Debug|Any CPU
		{9F9F6B2C-EC78-4887-9E2B-9765D1C8DE3C}.Debug|ARM64.Build.0 = Debug|Any CPU
		{9F9F6B2C-EC78-4887-9E2B-9765D1C8DE3C}.Debug|iPhone.ActiveCfg = Debug|Any CPU
		{9F9F6B2C-EC78-4887-9E2B-9765D1C8DE3C}.Debug|iPhone.Build.0 = Debug|Any CPU
		{9F9F6B2C-EC78-4887-9E2B-9765D1C8DE3C}.Debug|iPhoneSimulator.ActiveCfg = Debug|Any CPU
		{9F9F6B2C-EC78-4887-9E2B-9765D1C8DE3C}.Debug|iPhoneSimulator.Build.0 = Debug|Any CPU
		{9F9F6B2C-EC78-4887-9E2B-9765D1C8DE3C}.Debug|x64.ActiveCfg = Debug|Any CPU
		{9F9F6B2C-EC78-4887-9E2B-9765D1C8DE3C}.Debug|x64.Build.0 = Debug|Any CPU
		{9F9F6B2C-EC78-4887-9E2B-9765D1C8DE3C}.Debug|x86.ActiveCfg = Debug|Any CPU
		{9F9F6B2C-EC78-4887-9E2B-9765D1C8DE3C}.Debug|x86.Build.0 = Debug|Any CPU
		{9F9F6B2C-EC78-4887-9E2B-9765D1C8DE3C}.Release|Any CPU.ActiveCfg = Release|Any CPU
		{9F9F6B2C-EC78-4887-9E2B-9765D1C8DE3C}.Release|Any CPU.Build.0 = Release|Any CPU
		{9F9F6B2C-EC78-4887-9E2B-9765D1C8DE3C}.Release|ARM.ActiveCfg = Release|Any CPU
		{9F9F6B2C-EC78-4887-9E2B-9765D1C8DE3C}.Release|ARM.Build.0 = Release|Any CPU
		{9F9F6B2C-EC78-4887-9E2B-9765D1C8DE3C}.Release|ARM64.ActiveCfg = Release|Any CPU
		{9F9F6B2C-EC78-4887-9E2B-9765D1C8DE3C}.Release|ARM64.Build.0 = Release|Any CPU
		{9F9F6B2C-EC78-4887-9E2B-9765D1C8DE3C}.Release|iPhone.ActiveCfg = Release|Any CPU
		{9F9F6B2C-EC78-4887-9E2B-9765D1C8DE3C}.Release|iPhone.Build.0 = Release|Any CPU
		{9F9F6B2C-EC78-4887-9E2B-9765D1C8DE3C}.Release|iPhoneSimulator.ActiveCfg = Release|Any CPU
		{9F9F6B2C-EC78-4887-9E2B-9765D1C8DE3C}.Release|iPhoneSimulator.Build.0 = Release|Any CPU
		{9F9F6B2C-EC78-4887-9E2B-9765D1C8DE3C}.Release|x64.ActiveCfg = Release|Any CPU
		{9F9F6B2C-EC78-4887-9E2B-9765D1C8DE3C}.Release|x64.Build.0 = Release|Any CPU
		{9F9F6B2C-EC78-4887-9E2B-9765D1C8DE3C}.Release|x86.ActiveCfg = Release|Any CPU
		{9F9F6B2C-EC78-4887-9E2B-9765D1C8DE3C}.Release|x86.Build.0 = Release|Any CPU
		{9116935B-16DE-4347-AFE0-DAF4D0DE54C1}.Ad-Hoc|Any CPU.ActiveCfg = Release|Any CPU
		{9116935B-16DE-4347-AFE0-DAF4D0DE54C1}.Ad-Hoc|Any CPU.Build.0 = Release|Any CPU
		{9116935B-16DE-4347-AFE0-DAF4D0DE54C1}.Ad-Hoc|ARM.ActiveCfg = Release|Any CPU
		{9116935B-16DE-4347-AFE0-DAF4D0DE54C1}.Ad-Hoc|ARM.Build.0 = Release|Any CPU
		{9116935B-16DE-4347-AFE0-DAF4D0DE54C1}.Ad-Hoc|ARM64.ActiveCfg = Release|Any CPU
		{9116935B-16DE-4347-AFE0-DAF4D0DE54C1}.Ad-Hoc|ARM64.Build.0 = Release|Any CPU
		{9116935B-16DE-4347-AFE0-DAF4D0DE54C1}.Ad-Hoc|iPhone.ActiveCfg = Release|Any CPU
		{9116935B-16DE-4347-AFE0-DAF4D0DE54C1}.Ad-Hoc|iPhone.Build.0 = Release|Any CPU
		{9116935B-16DE-4347-AFE0-DAF4D0DE54C1}.Ad-Hoc|iPhoneSimulator.ActiveCfg = Release|Any CPU
		{9116935B-16DE-4347-AFE0-DAF4D0DE54C1}.Ad-Hoc|iPhoneSimulator.Build.0 = Release|Any CPU
		{9116935B-16DE-4347-AFE0-DAF4D0DE54C1}.Ad-Hoc|x64.ActiveCfg = Release|Any CPU
		{9116935B-16DE-4347-AFE0-DAF4D0DE54C1}.Ad-Hoc|x64.Build.0 = Release|Any CPU
		{9116935B-16DE-4347-AFE0-DAF4D0DE54C1}.Ad-Hoc|x86.ActiveCfg = Release|Any CPU
		{9116935B-16DE-4347-AFE0-DAF4D0DE54C1}.Ad-Hoc|x86.Build.0 = Release|Any CPU
		{9116935B-16DE-4347-AFE0-DAF4D0DE54C1}.AppStore|Any CPU.ActiveCfg = Release|Any CPU
		{9116935B-16DE-4347-AFE0-DAF4D0DE54C1}.AppStore|Any CPU.Build.0 = Release|Any CPU
		{9116935B-16DE-4347-AFE0-DAF4D0DE54C1}.AppStore|ARM.ActiveCfg = Release|Any CPU
		{9116935B-16DE-4347-AFE0-DAF4D0DE54C1}.AppStore|ARM.Build.0 = Release|Any CPU
		{9116935B-16DE-4347-AFE0-DAF4D0DE54C1}.AppStore|ARM64.ActiveCfg = Release|Any CPU
		{9116935B-16DE-4347-AFE0-DAF4D0DE54C1}.AppStore|ARM64.Build.0 = Release|Any CPU
		{9116935B-16DE-4347-AFE0-DAF4D0DE54C1}.AppStore|iPhone.ActiveCfg = Release|Any CPU
		{9116935B-16DE-4347-AFE0-DAF4D0DE54C1}.AppStore|iPhone.Build.0 = Release|Any CPU
		{9116935B-16DE-4347-AFE0-DAF4D0DE54C1}.AppStore|iPhoneSimulator.ActiveCfg = Release|Any CPU
		{9116935B-16DE-4347-AFE0-DAF4D0DE54C1}.AppStore|iPhoneSimulator.Build.0 = Release|Any CPU
		{9116935B-16DE-4347-AFE0-DAF4D0DE54C1}.AppStore|x64.ActiveCfg = Release|Any CPU
		{9116935B-16DE-4347-AFE0-DAF4D0DE54C1}.AppStore|x64.Build.0 = Release|Any CPU
		{9116935B-16DE-4347-AFE0-DAF4D0DE54C1}.AppStore|x86.ActiveCfg = Release|Any CPU
		{9116935B-16DE-4347-AFE0-DAF4D0DE54C1}.AppStore|x86.Build.0 = Release|Any CPU
		{9116935B-16DE-4347-AFE0-DAF4D0DE54C1}.Debug|Any CPU.ActiveCfg = Debug|Any CPU
		{9116935B-16DE-4347-AFE0-DAF4D0DE54C1}.Debug|Any CPU.Build.0 = Debug|Any CPU
		{9116935B-16DE-4347-AFE0-DAF4D0DE54C1}.Debug|ARM.ActiveCfg = Debug|Any CPU
		{9116935B-16DE-4347-AFE0-DAF4D0DE54C1}.Debug|ARM.Build.0 = Debug|Any CPU
		{9116935B-16DE-4347-AFE0-DAF4D0DE54C1}.Debug|ARM64.ActiveCfg = Debug|Any CPU
		{9116935B-16DE-4347-AFE0-DAF4D0DE54C1}.Debug|ARM64.Build.0 = Debug|Any CPU
		{9116935B-16DE-4347-AFE0-DAF4D0DE54C1}.Debug|iPhone.ActiveCfg = Debug|Any CPU
		{9116935B-16DE-4347-AFE0-DAF4D0DE54C1}.Debug|iPhone.Build.0 = Debug|Any CPU
		{9116935B-16DE-4347-AFE0-DAF4D0DE54C1}.Debug|iPhoneSimulator.ActiveCfg = Debug|Any CPU
		{9116935B-16DE-4347-AFE0-DAF4D0DE54C1}.Debug|iPhoneSimulator.Build.0 = Debug|Any CPU
		{9116935B-16DE-4347-AFE0-DAF4D0DE54C1}.Debug|x64.ActiveCfg = Debug|Any CPU
		{9116935B-16DE-4347-AFE0-DAF4D0DE54C1}.Debug|x64.Build.0 = Debug|Any CPU
		{9116935B-16DE-4347-AFE0-DAF4D0DE54C1}.Debug|x86.ActiveCfg = Debug|Any CPU
		{9116935B-16DE-4347-AFE0-DAF4D0DE54C1}.Debug|x86.Build.0 = Debug|Any CPU
		{9116935B-16DE-4347-AFE0-DAF4D0DE54C1}.Release|Any CPU.ActiveCfg = Release|Any CPU
		{9116935B-16DE-4347-AFE0-DAF4D0DE54C1}.Release|Any CPU.Build.0 = Release|Any CPU
		{9116935B-16DE-4347-AFE0-DAF4D0DE54C1}.Release|ARM.ActiveCfg = Release|Any CPU
		{9116935B-16DE-4347-AFE0-DAF4D0DE54C1}.Release|ARM.Build.0 = Release|Any CPU
		{9116935B-16DE-4347-AFE0-DAF4D0DE54C1}.Release|ARM64.ActiveCfg = Release|Any CPU
		{9116935B-16DE-4347-AFE0-DAF4D0DE54C1}.Release|ARM64.Build.0 = Release|Any CPU
		{9116935B-16DE-4347-AFE0-DAF4D0DE54C1}.Release|iPhone.ActiveCfg = Release|Any CPU
		{9116935B-16DE-4347-AFE0-DAF4D0DE54C1}.Release|iPhone.Build.0 = Release|Any CPU
		{9116935B-16DE-4347-AFE0-DAF4D0DE54C1}.Release|iPhoneSimulator.ActiveCfg = Release|Any CPU
		{9116935B-16DE-4347-AFE0-DAF4D0DE54C1}.Release|iPhoneSimulator.Build.0 = Release|Any CPU
		{9116935B-16DE-4347-AFE0-DAF4D0DE54C1}.Release|x64.ActiveCfg = Release|Any CPU
		{9116935B-16DE-4347-AFE0-DAF4D0DE54C1}.Release|x64.Build.0 = Release|Any CPU
		{9116935B-16DE-4347-AFE0-DAF4D0DE54C1}.Release|x86.ActiveCfg = Release|Any CPU
		{9116935B-16DE-4347-AFE0-DAF4D0DE54C1}.Release|x86.Build.0 = Release|Any CPU
		{B6C0021C-4A2C-4075-9331-0CB9805F7ACB}.Ad-Hoc|Any CPU.ActiveCfg = Release|Any CPU
		{B6C0021C-4A2C-4075-9331-0CB9805F7ACB}.Ad-Hoc|Any CPU.Build.0 = Release|Any CPU
		{B6C0021C-4A2C-4075-9331-0CB9805F7ACB}.Ad-Hoc|ARM.ActiveCfg = Release|Any CPU
		{B6C0021C-4A2C-4075-9331-0CB9805F7ACB}.Ad-Hoc|ARM.Build.0 = Release|Any CPU
		{B6C0021C-4A2C-4075-9331-0CB9805F7ACB}.Ad-Hoc|ARM64.ActiveCfg = Release|Any CPU
		{B6C0021C-4A2C-4075-9331-0CB9805F7ACB}.Ad-Hoc|ARM64.Build.0 = Release|Any CPU
		{B6C0021C-4A2C-4075-9331-0CB9805F7ACB}.Ad-Hoc|iPhone.ActiveCfg = Release|Any CPU
		{B6C0021C-4A2C-4075-9331-0CB9805F7ACB}.Ad-Hoc|iPhone.Build.0 = Release|Any CPU
		{B6C0021C-4A2C-4075-9331-0CB9805F7ACB}.Ad-Hoc|iPhoneSimulator.ActiveCfg = Release|Any CPU
		{B6C0021C-4A2C-4075-9331-0CB9805F7ACB}.Ad-Hoc|iPhoneSimulator.Build.0 = Release|Any CPU
		{B6C0021C-4A2C-4075-9331-0CB9805F7ACB}.Ad-Hoc|x64.ActiveCfg = Release|Any CPU
		{B6C0021C-4A2C-4075-9331-0CB9805F7ACB}.Ad-Hoc|x64.Build.0 = Release|Any CPU
		{B6C0021C-4A2C-4075-9331-0CB9805F7ACB}.Ad-Hoc|x86.ActiveCfg = Release|Any CPU
		{B6C0021C-4A2C-4075-9331-0CB9805F7ACB}.Ad-Hoc|x86.Build.0 = Release|Any CPU
		{B6C0021C-4A2C-4075-9331-0CB9805F7ACB}.AppStore|Any CPU.ActiveCfg = Release|Any CPU
		{B6C0021C-4A2C-4075-9331-0CB9805F7ACB}.AppStore|Any CPU.Build.0 = Release|Any CPU
		{B6C0021C-4A2C-4075-9331-0CB9805F7ACB}.AppStore|ARM.ActiveCfg = Release|Any CPU
		{B6C0021C-4A2C-4075-9331-0CB9805F7ACB}.AppStore|ARM.Build.0 = Release|Any CPU
		{B6C0021C-4A2C-4075-9331-0CB9805F7ACB}.AppStore|ARM64.ActiveCfg = Release|Any CPU
		{B6C0021C-4A2C-4075-9331-0CB9805F7ACB}.AppStore|ARM64.Build.0 = Release|Any CPU
		{B6C0021C-4A2C-4075-9331-0CB9805F7ACB}.AppStore|iPhone.ActiveCfg = Release|Any CPU
		{B6C0021C-4A2C-4075-9331-0CB9805F7ACB}.AppStore|iPhone.Build.0 = Release|Any CPU
		{B6C0021C-4A2C-4075-9331-0CB9805F7ACB}.AppStore|iPhoneSimulator.ActiveCfg = Release|Any CPU
		{B6C0021C-4A2C-4075-9331-0CB9805F7ACB}.AppStore|iPhoneSimulator.Build.0 = Release|Any CPU
		{B6C0021C-4A2C-4075-9331-0CB9805F7ACB}.AppStore|x64.ActiveCfg = Release|Any CPU
		{B6C0021C-4A2C-4075-9331-0CB9805F7ACB}.AppStore|x64.Build.0 = Release|Any CPU
		{B6C0021C-4A2C-4075-9331-0CB9805F7ACB}.AppStore|x86.ActiveCfg = Release|Any CPU
		{B6C0021C-4A2C-4075-9331-0CB9805F7ACB}.AppStore|x86.Build.0 = Release|Any CPU
		{B6C0021C-4A2C-4075-9331-0CB9805F7ACB}.Debug|Any CPU.ActiveCfg = Debug|Any CPU
		{B6C0021C-4A2C-4075-9331-0CB9805F7ACB}.Debug|Any CPU.Build.0 = Debug|Any CPU
		{B6C0021C-4A2C-4075-9331-0CB9805F7ACB}.Debug|ARM.ActiveCfg = Debug|Any CPU
		{B6C0021C-4A2C-4075-9331-0CB9805F7ACB}.Debug|ARM.Build.0 = Debug|Any CPU
		{B6C0021C-4A2C-4075-9331-0CB9805F7ACB}.Debug|ARM64.ActiveCfg = Debug|Any CPU
		{B6C0021C-4A2C-4075-9331-0CB9805F7ACB}.Debug|ARM64.Build.0 = Debug|Any CPU
		{B6C0021C-4A2C-4075-9331-0CB9805F7ACB}.Debug|iPhone.ActiveCfg = Debug|Any CPU
		{B6C0021C-4A2C-4075-9331-0CB9805F7ACB}.Debug|iPhone.Build.0 = Debug|Any CPU
		{B6C0021C-4A2C-4075-9331-0CB9805F7ACB}.Debug|iPhoneSimulator.ActiveCfg = Debug|Any CPU
		{B6C0021C-4A2C-4075-9331-0CB9805F7ACB}.Debug|iPhoneSimulator.Build.0 = Debug|Any CPU
		{B6C0021C-4A2C-4075-9331-0CB9805F7ACB}.Debug|x64.ActiveCfg = Debug|Any CPU
		{B6C0021C-4A2C-4075-9331-0CB9805F7ACB}.Debug|x64.Build.0 = Debug|Any CPU
		{B6C0021C-4A2C-4075-9331-0CB9805F7ACB}.Debug|x86.ActiveCfg = Debug|Any CPU
		{B6C0021C-4A2C-4075-9331-0CB9805F7ACB}.Debug|x86.Build.0 = Debug|Any CPU
		{B6C0021C-4A2C-4075-9331-0CB9805F7ACB}.Release|Any CPU.ActiveCfg = Release|Any CPU
		{B6C0021C-4A2C-4075-9331-0CB9805F7ACB}.Release|Any CPU.Build.0 = Release|Any CPU
		{B6C0021C-4A2C-4075-9331-0CB9805F7ACB}.Release|ARM.ActiveCfg = Release|Any CPU
		{B6C0021C-4A2C-4075-9331-0CB9805F7ACB}.Release|ARM.Build.0 = Release|Any CPU
		{B6C0021C-4A2C-4075-9331-0CB9805F7ACB}.Release|ARM64.ActiveCfg = Release|Any CPU
		{B6C0021C-4A2C-4075-9331-0CB9805F7ACB}.Release|ARM64.Build.0 = Release|Any CPU
		{B6C0021C-4A2C-4075-9331-0CB9805F7ACB}.Release|iPhone.ActiveCfg = Release|Any CPU
		{B6C0021C-4A2C-4075-9331-0CB9805F7ACB}.Release|iPhone.Build.0 = Release|Any CPU
		{B6C0021C-4A2C-4075-9331-0CB9805F7ACB}.Release|iPhoneSimulator.ActiveCfg = Release|Any CPU
		{B6C0021C-4A2C-4075-9331-0CB9805F7ACB}.Release|iPhoneSimulator.Build.0 = Release|Any CPU
		{B6C0021C-4A2C-4075-9331-0CB9805F7ACB}.Release|x64.ActiveCfg = Release|Any CPU
		{B6C0021C-4A2C-4075-9331-0CB9805F7ACB}.Release|x64.Build.0 = Release|Any CPU
		{B6C0021C-4A2C-4075-9331-0CB9805F7ACB}.Release|x86.ActiveCfg = Release|Any CPU
		{B6C0021C-4A2C-4075-9331-0CB9805F7ACB}.Release|x86.Build.0 = Release|Any CPU
		{43749FFF-BF2C-441D-B02D-CE09F15603D4}.Ad-Hoc|Any CPU.ActiveCfg = Release|Any CPU
		{43749FFF-BF2C-441D-B02D-CE09F15603D4}.Ad-Hoc|Any CPU.Build.0 = Release|Any CPU
		{43749FFF-BF2C-441D-B02D-CE09F15603D4}.Ad-Hoc|ARM.ActiveCfg = Release|Any CPU
		{43749FFF-BF2C-441D-B02D-CE09F15603D4}.Ad-Hoc|ARM.Build.0 = Release|Any CPU
		{43749FFF-BF2C-441D-B02D-CE09F15603D4}.Ad-Hoc|ARM64.ActiveCfg = Release|Any CPU
		{43749FFF-BF2C-441D-B02D-CE09F15603D4}.Ad-Hoc|ARM64.Build.0 = Release|Any CPU
		{43749FFF-BF2C-441D-B02D-CE09F15603D4}.Ad-Hoc|iPhone.ActiveCfg = Release|Any CPU
		{43749FFF-BF2C-441D-B02D-CE09F15603D4}.Ad-Hoc|iPhone.Build.0 = Release|Any CPU
		{43749FFF-BF2C-441D-B02D-CE09F15603D4}.Ad-Hoc|iPhoneSimulator.ActiveCfg = Release|Any CPU
		{43749FFF-BF2C-441D-B02D-CE09F15603D4}.Ad-Hoc|iPhoneSimulator.Build.0 = Release|Any CPU
		{43749FFF-BF2C-441D-B02D-CE09F15603D4}.Ad-Hoc|x64.ActiveCfg = Release|Any CPU
		{43749FFF-BF2C-441D-B02D-CE09F15603D4}.Ad-Hoc|x64.Build.0 = Release|Any CPU
		{43749FFF-BF2C-441D-B02D-CE09F15603D4}.Ad-Hoc|x86.ActiveCfg = Release|Any CPU
		{43749FFF-BF2C-441D-B02D-CE09F15603D4}.Ad-Hoc|x86.Build.0 = Release|Any CPU
		{43749FFF-BF2C-441D-B02D-CE09F15603D4}.AppStore|Any CPU.ActiveCfg = Release|Any CPU
		{43749FFF-BF2C-441D-B02D-CE09F15603D4}.AppStore|Any CPU.Build.0 = Release|Any CPU
		{43749FFF-BF2C-441D-B02D-CE09F15603D4}.AppStore|ARM.ActiveCfg = Release|Any CPU
		{43749FFF-BF2C-441D-B02D-CE09F15603D4}.AppStore|ARM.Build.0 = Release|Any CPU
		{43749FFF-BF2C-441D-B02D-CE09F15603D4}.AppStore|ARM64.ActiveCfg = Release|Any CPU
		{43749FFF-BF2C-441D-B02D-CE09F15603D4}.AppStore|ARM64.Build.0 = Release|Any CPU
		{43749FFF-BF2C-441D-B02D-CE09F15603D4}.AppStore|iPhone.ActiveCfg = Release|Any CPU
		{43749FFF-BF2C-441D-B02D-CE09F15603D4}.AppStore|iPhone.Build.0 = Release|Any CPU
		{43749FFF-BF2C-441D-B02D-CE09F15603D4}.AppStore|iPhoneSimulator.ActiveCfg = Release|Any CPU
		{43749FFF-BF2C-441D-B02D-CE09F15603D4}.AppStore|iPhoneSimulator.Build.0 = Release|Any CPU
		{43749FFF-BF2C-441D-B02D-CE09F15603D4}.AppStore|x64.ActiveCfg = Release|Any CPU
		{43749FFF-BF2C-441D-B02D-CE09F15603D4}.AppStore|x64.Build.0 = Release|Any CPU
		{43749FFF-BF2C-441D-B02D-CE09F15603D4}.AppStore|x86.ActiveCfg = Release|Any CPU
		{43749FFF-BF2C-441D-B02D-CE09F15603D4}.AppStore|x86.Build.0 = Release|Any CPU
		{43749FFF-BF2C-441D-B02D-CE09F15603D4}.Debug|Any CPU.ActiveCfg = Debug|Any CPU
		{43749FFF-BF2C-441D-B02D-CE09F15603D4}.Debug|Any CPU.Build.0 = Debug|Any CPU
		{43749FFF-BF2C-441D-B02D-CE09F15603D4}.Debug|ARM.ActiveCfg = Debug|Any CPU
		{43749FFF-BF2C-441D-B02D-CE09F15603D4}.Debug|ARM.Build.0 = Debug|Any CPU
		{43749FFF-BF2C-441D-B02D-CE09F15603D4}.Debug|ARM64.ActiveCfg = Debug|Any CPU
		{43749FFF-BF2C-441D-B02D-CE09F15603D4}.Debug|ARM64.Build.0 = Debug|Any CPU
		{43749FFF-BF2C-441D-B02D-CE09F15603D4}.Debug|iPhone.ActiveCfg = Debug|Any CPU
		{43749FFF-BF2C-441D-B02D-CE09F15603D4}.Debug|iPhone.Build.0 = Debug|Any CPU
		{43749FFF-BF2C-441D-B02D-CE09F15603D4}.Debug|iPhoneSimulator.ActiveCfg = Debug|Any CPU
		{43749FFF-BF2C-441D-B02D-CE09F15603D4}.Debug|iPhoneSimulator.Build.0 = Debug|Any CPU
		{43749FFF-BF2C-441D-B02D-CE09F15603D4}.Debug|x64.ActiveCfg = Debug|Any CPU
		{43749FFF-BF2C-441D-B02D-CE09F15603D4}.Debug|x64.Build.0 = Debug|Any CPU
		{43749FFF-BF2C-441D-B02D-CE09F15603D4}.Debug|x86.ActiveCfg = Debug|Any CPU
		{43749FFF-BF2C-441D-B02D-CE09F15603D4}.Debug|x86.Build.0 = Debug|Any CPU
		{43749FFF-BF2C-441D-B02D-CE09F15603D4}.Release|Any CPU.ActiveCfg = Release|Any CPU
		{43749FFF-BF2C-441D-B02D-CE09F15603D4}.Release|Any CPU.Build.0 = Release|Any CPU
		{43749FFF-BF2C-441D-B02D-CE09F15603D4}.Release|ARM.ActiveCfg = Release|Any CPU
		{43749FFF-BF2C-441D-B02D-CE09F15603D4}.Release|ARM.Build.0 = Release|Any CPU
		{43749FFF-BF2C-441D-B02D-CE09F15603D4}.Release|ARM64.ActiveCfg = Release|Any CPU
		{43749FFF-BF2C-441D-B02D-CE09F15603D4}.Release|ARM64.Build.0 = Release|Any CPU
		{43749FFF-BF2C-441D-B02D-CE09F15603D4}.Release|iPhone.ActiveCfg = Release|Any CPU
		{43749FFF-BF2C-441D-B02D-CE09F15603D4}.Release|iPhone.Build.0 = Release|Any CPU
		{43749FFF-BF2C-441D-B02D-CE09F15603D4}.Release|iPhoneSimulator.ActiveCfg = Release|Any CPU
		{43749FFF-BF2C-441D-B02D-CE09F15603D4}.Release|iPhoneSimulator.Build.0 = Release|Any CPU
		{43749FFF-BF2C-441D-B02D-CE09F15603D4}.Release|x64.ActiveCfg = Release|Any CPU
		{43749FFF-BF2C-441D-B02D-CE09F15603D4}.Release|x64.Build.0 = Release|Any CPU
		{43749FFF-BF2C-441D-B02D-CE09F15603D4}.Release|x86.ActiveCfg = Release|Any CPU
		{43749FFF-BF2C-441D-B02D-CE09F15603D4}.Release|x86.Build.0 = Release|Any CPU
		{5E623F4C-9A93-4FA9-A7A8-C1ECA9EC7A0B}.Ad-Hoc|Any CPU.ActiveCfg = Debug|Any CPU
		{5E623F4C-9A93-4FA9-A7A8-C1ECA9EC7A0B}.Ad-Hoc|Any CPU.Build.0 = Debug|Any CPU
		{5E623F4C-9A93-4FA9-A7A8-C1ECA9EC7A0B}.Ad-Hoc|ARM.ActiveCfg = Debug|Any CPU
		{5E623F4C-9A93-4FA9-A7A8-C1ECA9EC7A0B}.Ad-Hoc|ARM.Build.0 = Debug|Any CPU
		{5E623F4C-9A93-4FA9-A7A8-C1ECA9EC7A0B}.Ad-Hoc|ARM64.ActiveCfg = Debug|Any CPU
		{5E623F4C-9A93-4FA9-A7A8-C1ECA9EC7A0B}.Ad-Hoc|ARM64.Build.0 = Debug|Any CPU
		{5E623F4C-9A93-4FA9-A7A8-C1ECA9EC7A0B}.Ad-Hoc|iPhone.ActiveCfg = Debug|Any CPU
		{5E623F4C-9A93-4FA9-A7A8-C1ECA9EC7A0B}.Ad-Hoc|iPhone.Build.0 = Debug|Any CPU
		{5E623F4C-9A93-4FA9-A7A8-C1ECA9EC7A0B}.Ad-Hoc|iPhoneSimulator.ActiveCfg = Debug|Any CPU
		{5E623F4C-9A93-4FA9-A7A8-C1ECA9EC7A0B}.Ad-Hoc|iPhoneSimulator.Build.0 = Debug|Any CPU
		{5E623F4C-9A93-4FA9-A7A8-C1ECA9EC7A0B}.Ad-Hoc|x64.ActiveCfg = Debug|Any CPU
		{5E623F4C-9A93-4FA9-A7A8-C1ECA9EC7A0B}.Ad-Hoc|x64.Build.0 = Debug|Any CPU
		{5E623F4C-9A93-4FA9-A7A8-C1ECA9EC7A0B}.Ad-Hoc|x86.ActiveCfg = Debug|Any CPU
		{5E623F4C-9A93-4FA9-A7A8-C1ECA9EC7A0B}.Ad-Hoc|x86.Build.0 = Debug|Any CPU
		{5E623F4C-9A93-4FA9-A7A8-C1ECA9EC7A0B}.AppStore|Any CPU.ActiveCfg = Debug|Any CPU
		{5E623F4C-9A93-4FA9-A7A8-C1ECA9EC7A0B}.AppStore|Any CPU.Build.0 = Debug|Any CPU
		{5E623F4C-9A93-4FA9-A7A8-C1ECA9EC7A0B}.AppStore|ARM.ActiveCfg = Debug|Any CPU
		{5E623F4C-9A93-4FA9-A7A8-C1ECA9EC7A0B}.AppStore|ARM.Build.0 = Debug|Any CPU
		{5E623F4C-9A93-4FA9-A7A8-C1ECA9EC7A0B}.AppStore|ARM64.ActiveCfg = Debug|Any CPU
		{5E623F4C-9A93-4FA9-A7A8-C1ECA9EC7A0B}.AppStore|ARM64.Build.0 = Debug|Any CPU
		{5E623F4C-9A93-4FA9-A7A8-C1ECA9EC7A0B}.AppStore|iPhone.ActiveCfg = Debug|Any CPU
		{5E623F4C-9A93-4FA9-A7A8-C1ECA9EC7A0B}.AppStore|iPhone.Build.0 = Debug|Any CPU
		{5E623F4C-9A93-4FA9-A7A8-C1ECA9EC7A0B}.AppStore|iPhoneSimulator.ActiveCfg = Debug|Any CPU
		{5E623F4C-9A93-4FA9-A7A8-C1ECA9EC7A0B}.AppStore|iPhoneSimulator.Build.0 = Debug|Any CPU
		{5E623F4C-9A93-4FA9-A7A8-C1ECA9EC7A0B}.AppStore|x64.ActiveCfg = Debug|Any CPU
		{5E623F4C-9A93-4FA9-A7A8-C1ECA9EC7A0B}.AppStore|x64.Build.0 = Debug|Any CPU
		{5E623F4C-9A93-4FA9-A7A8-C1ECA9EC7A0B}.AppStore|x86.ActiveCfg = Debug|Any CPU
		{5E623F4C-9A93-4FA9-A7A8-C1ECA9EC7A0B}.AppStore|x86.Build.0 = Debug|Any CPU
		{5E623F4C-9A93-4FA9-A7A8-C1ECA9EC7A0B}.Debug|Any CPU.ActiveCfg = Debug|Any CPU
		{5E623F4C-9A93-4FA9-A7A8-C1ECA9EC7A0B}.Debug|Any CPU.Build.0 = Debug|Any CPU
		{5E623F4C-9A93-4FA9-A7A8-C1ECA9EC7A0B}.Debug|ARM.ActiveCfg = Debug|Any CPU
		{5E623F4C-9A93-4FA9-A7A8-C1ECA9EC7A0B}.Debug|ARM.Build.0 = Debug|Any CPU
		{5E623F4C-9A93-4FA9-A7A8-C1ECA9EC7A0B}.Debug|ARM64.ActiveCfg = Debug|Any CPU
		{5E623F4C-9A93-4FA9-A7A8-C1ECA9EC7A0B}.Debug|ARM64.Build.0 = Debug|Any CPU
		{5E623F4C-9A93-4FA9-A7A8-C1ECA9EC7A0B}.Debug|iPhone.ActiveCfg = Debug|Any CPU
		{5E623F4C-9A93-4FA9-A7A8-C1ECA9EC7A0B}.Debug|iPhone.Build.0 = Debug|Any CPU
		{5E623F4C-9A93-4FA9-A7A8-C1ECA9EC7A0B}.Debug|iPhoneSimulator.ActiveCfg = Debug|Any CPU
		{5E623F4C-9A93-4FA9-A7A8-C1ECA9EC7A0B}.Debug|iPhoneSimulator.Build.0 = Debug|Any CPU
		{5E623F4C-9A93-4FA9-A7A8-C1ECA9EC7A0B}.Debug|x64.ActiveCfg = Debug|Any CPU
		{5E623F4C-9A93-4FA9-A7A8-C1ECA9EC7A0B}.Debug|x64.Build.0 = Debug|Any CPU
		{5E623F4C-9A93-4FA9-A7A8-C1ECA9EC7A0B}.Debug|x86.ActiveCfg = Debug|Any CPU
		{5E623F4C-9A93-4FA9-A7A8-C1ECA9EC7A0B}.Debug|x86.Build.0 = Debug|Any CPU
		{5E623F4C-9A93-4FA9-A7A8-C1ECA9EC7A0B}.Release|Any CPU.ActiveCfg = Release|Any CPU
		{5E623F4C-9A93-4FA9-A7A8-C1ECA9EC7A0B}.Release|Any CPU.Build.0 = Release|Any CPU
		{5E623F4C-9A93-4FA9-A7A8-C1ECA9EC7A0B}.Release|ARM.ActiveCfg = Release|Any CPU
		{5E623F4C-9A93-4FA9-A7A8-C1ECA9EC7A0B}.Release|ARM.Build.0 = Release|Any CPU
		{5E623F4C-9A93-4FA9-A7A8-C1ECA9EC7A0B}.Release|ARM64.ActiveCfg = Release|Any CPU
		{5E623F4C-9A93-4FA9-A7A8-C1ECA9EC7A0B}.Release|ARM64.Build.0 = Release|Any CPU
		{5E623F4C-9A93-4FA9-A7A8-C1ECA9EC7A0B}.Release|iPhone.ActiveCfg = Release|Any CPU
		{5E623F4C-9A93-4FA9-A7A8-C1ECA9EC7A0B}.Release|iPhone.Build.0 = Release|Any CPU
		{5E623F4C-9A93-4FA9-A7A8-C1ECA9EC7A0B}.Release|iPhoneSimulator.ActiveCfg = Release|Any CPU
		{5E623F4C-9A93-4FA9-A7A8-C1ECA9EC7A0B}.Release|iPhoneSimulator.Build.0 = Release|Any CPU
		{5E623F4C-9A93-4FA9-A7A8-C1ECA9EC7A0B}.Release|x64.ActiveCfg = Release|Any CPU
		{5E623F4C-9A93-4FA9-A7A8-C1ECA9EC7A0B}.Release|x64.Build.0 = Release|Any CPU
		{5E623F4C-9A93-4FA9-A7A8-C1ECA9EC7A0B}.Release|x86.ActiveCfg = Release|Any CPU
		{5E623F4C-9A93-4FA9-A7A8-C1ECA9EC7A0B}.Release|x86.Build.0 = Release|Any CPU
		{6C7C78E4-AF9C-409F-8D34-465539CEE5F6}.Ad-Hoc|Any CPU.ActiveCfg = Debug|Any CPU
		{6C7C78E4-AF9C-409F-8D34-465539CEE5F6}.Ad-Hoc|Any CPU.Build.0 = Debug|Any CPU
		{6C7C78E4-AF9C-409F-8D34-465539CEE5F6}.Ad-Hoc|ARM.ActiveCfg = Debug|Any CPU
		{6C7C78E4-AF9C-409F-8D34-465539CEE5F6}.Ad-Hoc|ARM.Build.0 = Debug|Any CPU
		{6C7C78E4-AF9C-409F-8D34-465539CEE5F6}.Ad-Hoc|ARM64.ActiveCfg = Debug|Any CPU
		{6C7C78E4-AF9C-409F-8D34-465539CEE5F6}.Ad-Hoc|ARM64.Build.0 = Debug|Any CPU
		{6C7C78E4-AF9C-409F-8D34-465539CEE5F6}.Ad-Hoc|iPhone.ActiveCfg = Debug|Any CPU
		{6C7C78E4-AF9C-409F-8D34-465539CEE5F6}.Ad-Hoc|iPhone.Build.0 = Debug|Any CPU
		{6C7C78E4-AF9C-409F-8D34-465539CEE5F6}.Ad-Hoc|iPhoneSimulator.ActiveCfg = Debug|Any CPU
		{6C7C78E4-AF9C-409F-8D34-465539CEE5F6}.Ad-Hoc|iPhoneSimulator.Build.0 = Debug|Any CPU
		{6C7C78E4-AF9C-409F-8D34-465539CEE5F6}.Ad-Hoc|x64.ActiveCfg = Debug|Any CPU
		{6C7C78E4-AF9C-409F-8D34-465539CEE5F6}.Ad-Hoc|x64.Build.0 = Debug|Any CPU
		{6C7C78E4-AF9C-409F-8D34-465539CEE5F6}.Ad-Hoc|x86.ActiveCfg = Debug|Any CPU
		{6C7C78E4-AF9C-409F-8D34-465539CEE5F6}.Ad-Hoc|x86.Build.0 = Debug|Any CPU
		{6C7C78E4-AF9C-409F-8D34-465539CEE5F6}.AppStore|Any CPU.ActiveCfg = Debug|Any CPU
		{6C7C78E4-AF9C-409F-8D34-465539CEE5F6}.AppStore|Any CPU.Build.0 = Debug|Any CPU
		{6C7C78E4-AF9C-409F-8D34-465539CEE5F6}.AppStore|ARM.ActiveCfg = Debug|Any CPU
		{6C7C78E4-AF9C-409F-8D34-465539CEE5F6}.AppStore|ARM.Build.0 = Debug|Any CPU
		{6C7C78E4-AF9C-409F-8D34-465539CEE5F6}.AppStore|ARM64.ActiveCfg = Debug|Any CPU
		{6C7C78E4-AF9C-409F-8D34-465539CEE5F6}.AppStore|ARM64.Build.0 = Debug|Any CPU
		{6C7C78E4-AF9C-409F-8D34-465539CEE5F6}.AppStore|iPhone.ActiveCfg = Debug|Any CPU
		{6C7C78E4-AF9C-409F-8D34-465539CEE5F6}.AppStore|iPhone.Build.0 = Debug|Any CPU
		{6C7C78E4-AF9C-409F-8D34-465539CEE5F6}.AppStore|iPhoneSimulator.ActiveCfg = Debug|Any CPU
		{6C7C78E4-AF9C-409F-8D34-465539CEE5F6}.AppStore|iPhoneSimulator.Build.0 = Debug|Any CPU
		{6C7C78E4-AF9C-409F-8D34-465539CEE5F6}.AppStore|x64.ActiveCfg = Debug|Any CPU
		{6C7C78E4-AF9C-409F-8D34-465539CEE5F6}.AppStore|x64.Build.0 = Debug|Any CPU
		{6C7C78E4-AF9C-409F-8D34-465539CEE5F6}.AppStore|x86.ActiveCfg = Debug|Any CPU
		{6C7C78E4-AF9C-409F-8D34-465539CEE5F6}.AppStore|x86.Build.0 = Debug|Any CPU
		{6C7C78E4-AF9C-409F-8D34-465539CEE5F6}.Debug|Any CPU.ActiveCfg = Debug|Any CPU
		{6C7C78E4-AF9C-409F-8D34-465539CEE5F6}.Debug|Any CPU.Build.0 = Debug|Any CPU
		{6C7C78E4-AF9C-409F-8D34-465539CEE5F6}.Debug|ARM.ActiveCfg = Debug|Any CPU
		{6C7C78E4-AF9C-409F-8D34-465539CEE5F6}.Debug|ARM.Build.0 = Debug|Any CPU
		{6C7C78E4-AF9C-409F-8D34-465539CEE5F6}.Debug|ARM64.ActiveCfg = Debug|Any CPU
		{6C7C78E4-AF9C-409F-8D34-465539CEE5F6}.Debug|ARM64.Build.0 = Debug|Any CPU
		{6C7C78E4-AF9C-409F-8D34-465539CEE5F6}.Debug|iPhone.ActiveCfg = Debug|Any CPU
		{6C7C78E4-AF9C-409F-8D34-465539CEE5F6}.Debug|iPhone.Build.0 = Debug|Any CPU
		{6C7C78E4-AF9C-409F-8D34-465539CEE5F6}.Debug|iPhoneSimulator.ActiveCfg = Debug|Any CPU
		{6C7C78E4-AF9C-409F-8D34-465539CEE5F6}.Debug|iPhoneSimulator.Build.0 = Debug|Any CPU
		{6C7C78E4-AF9C-409F-8D34-465539CEE5F6}.Debug|x64.ActiveCfg = Debug|Any CPU
		{6C7C78E4-AF9C-409F-8D34-465539CEE5F6}.Debug|x64.Build.0 = Debug|Any CPU
		{6C7C78E4-AF9C-409F-8D34-465539CEE5F6}.Debug|x86.ActiveCfg = Debug|Any CPU
		{6C7C78E4-AF9C-409F-8D34-465539CEE5F6}.Debug|x86.Build.0 = Debug|Any CPU
		{6C7C78E4-AF9C-409F-8D34-465539CEE5F6}.Release|Any CPU.ActiveCfg = Release|Any CPU
		{6C7C78E4-AF9C-409F-8D34-465539CEE5F6}.Release|Any CPU.Build.0 = Release|Any CPU
		{6C7C78E4-AF9C-409F-8D34-465539CEE5F6}.Release|ARM.ActiveCfg = Release|Any CPU
		{6C7C78E4-AF9C-409F-8D34-465539CEE5F6}.Release|ARM.Build.0 = Release|Any CPU
		{6C7C78E4-AF9C-409F-8D34-465539CEE5F6}.Release|ARM64.ActiveCfg = Release|Any CPU
		{6C7C78E4-AF9C-409F-8D34-465539CEE5F6}.Release|ARM64.Build.0 = Release|Any CPU
		{6C7C78E4-AF9C-409F-8D34-465539CEE5F6}.Release|iPhone.ActiveCfg = Release|Any CPU
		{6C7C78E4-AF9C-409F-8D34-465539CEE5F6}.Release|iPhone.Build.0 = Release|Any CPU
		{6C7C78E4-AF9C-409F-8D34-465539CEE5F6}.Release|iPhoneSimulator.ActiveCfg = Release|Any CPU
		{6C7C78E4-AF9C-409F-8D34-465539CEE5F6}.Release|iPhoneSimulator.Build.0 = Release|Any CPU
		{6C7C78E4-AF9C-409F-8D34-465539CEE5F6}.Release|x64.ActiveCfg = Release|Any CPU
		{6C7C78E4-AF9C-409F-8D34-465539CEE5F6}.Release|x64.Build.0 = Release|Any CPU
		{6C7C78E4-AF9C-409F-8D34-465539CEE5F6}.Release|x86.ActiveCfg = Release|Any CPU
		{6C7C78E4-AF9C-409F-8D34-465539CEE5F6}.Release|x86.Build.0 = Release|Any CPU
		{6A09828B-7BBA-40A6-BADE-B3CA4C238177}.Ad-Hoc|Any CPU.ActiveCfg = Debug|Any CPU
		{6A09828B-7BBA-40A6-BADE-B3CA4C238177}.Ad-Hoc|Any CPU.Build.0 = Debug|Any CPU
		{6A09828B-7BBA-40A6-BADE-B3CA4C238177}.Ad-Hoc|ARM.ActiveCfg = Debug|Any CPU
		{6A09828B-7BBA-40A6-BADE-B3CA4C238177}.Ad-Hoc|ARM.Build.0 = Debug|Any CPU
		{6A09828B-7BBA-40A6-BADE-B3CA4C238177}.Ad-Hoc|ARM64.ActiveCfg = Debug|Any CPU
		{6A09828B-7BBA-40A6-BADE-B3CA4C238177}.Ad-Hoc|ARM64.Build.0 = Debug|Any CPU
		{6A09828B-7BBA-40A6-BADE-B3CA4C238177}.Ad-Hoc|iPhone.ActiveCfg = Debug|Any CPU
		{6A09828B-7BBA-40A6-BADE-B3CA4C238177}.Ad-Hoc|iPhone.Build.0 = Debug|Any CPU
		{6A09828B-7BBA-40A6-BADE-B3CA4C238177}.Ad-Hoc|iPhoneSimulator.ActiveCfg = Debug|Any CPU
		{6A09828B-7BBA-40A6-BADE-B3CA4C238177}.Ad-Hoc|iPhoneSimulator.Build.0 = Debug|Any CPU
		{6A09828B-7BBA-40A6-BADE-B3CA4C238177}.Ad-Hoc|x64.ActiveCfg = Debug|Any CPU
		{6A09828B-7BBA-40A6-BADE-B3CA4C238177}.Ad-Hoc|x64.Build.0 = Debug|Any CPU
		{6A09828B-7BBA-40A6-BADE-B3CA4C238177}.Ad-Hoc|x86.ActiveCfg = Debug|Any CPU
		{6A09828B-7BBA-40A6-BADE-B3CA4C238177}.Ad-Hoc|x86.Build.0 = Debug|Any CPU
		{6A09828B-7BBA-40A6-BADE-B3CA4C238177}.AppStore|Any CPU.ActiveCfg = Debug|Any CPU
		{6A09828B-7BBA-40A6-BADE-B3CA4C238177}.AppStore|Any CPU.Build.0 = Debug|Any CPU
		{6A09828B-7BBA-40A6-BADE-B3CA4C238177}.AppStore|ARM.ActiveCfg = Debug|Any CPU
		{6A09828B-7BBA-40A6-BADE-B3CA4C238177}.AppStore|ARM.Build.0 = Debug|Any CPU
		{6A09828B-7BBA-40A6-BADE-B3CA4C238177}.AppStore|ARM64.ActiveCfg = Debug|Any CPU
		{6A09828B-7BBA-40A6-BADE-B3CA4C238177}.AppStore|ARM64.Build.0 = Debug|Any CPU
		{6A09828B-7BBA-40A6-BADE-B3CA4C238177}.AppStore|iPhone.ActiveCfg = Debug|Any CPU
		{6A09828B-7BBA-40A6-BADE-B3CA4C238177}.AppStore|iPhone.Build.0 = Debug|Any CPU
		{6A09828B-7BBA-40A6-BADE-B3CA4C238177}.AppStore|iPhoneSimulator.ActiveCfg = Debug|Any CPU
		{6A09828B-7BBA-40A6-BADE-B3CA4C238177}.AppStore|iPhoneSimulator.Build.0 = Debug|Any CPU
		{6A09828B-7BBA-40A6-BADE-B3CA4C238177}.AppStore|x64.ActiveCfg = Debug|Any CPU
		{6A09828B-7BBA-40A6-BADE-B3CA4C238177}.AppStore|x64.Build.0 = Debug|Any CPU
		{6A09828B-7BBA-40A6-BADE-B3CA4C238177}.AppStore|x86.ActiveCfg = Debug|Any CPU
		{6A09828B-7BBA-40A6-BADE-B3CA4C238177}.AppStore|x86.Build.0 = Debug|Any CPU
		{6A09828B-7BBA-40A6-BADE-B3CA4C238177}.Debug|Any CPU.ActiveCfg = Debug|Any CPU
		{6A09828B-7BBA-40A6-BADE-B3CA4C238177}.Debug|Any CPU.Build.0 = Debug|Any CPU
		{6A09828B-7BBA-40A6-BADE-B3CA4C238177}.Debug|ARM.ActiveCfg = Debug|Any CPU
		{6A09828B-7BBA-40A6-BADE-B3CA4C238177}.Debug|ARM.Build.0 = Debug|Any CPU
		{6A09828B-7BBA-40A6-BADE-B3CA4C238177}.Debug|ARM64.ActiveCfg = Debug|Any CPU
		{6A09828B-7BBA-40A6-BADE-B3CA4C238177}.Debug|ARM64.Build.0 = Debug|Any CPU
		{6A09828B-7BBA-40A6-BADE-B3CA4C238177}.Debug|iPhone.ActiveCfg = Debug|Any CPU
		{6A09828B-7BBA-40A6-BADE-B3CA4C238177}.Debug|iPhone.Build.0 = Debug|Any CPU
		{6A09828B-7BBA-40A6-BADE-B3CA4C238177}.Debug|iPhoneSimulator.ActiveCfg = Debug|Any CPU
		{6A09828B-7BBA-40A6-BADE-B3CA4C238177}.Debug|iPhoneSimulator.Build.0 = Debug|Any CPU
		{6A09828B-7BBA-40A6-BADE-B3CA4C238177}.Debug|x64.ActiveCfg = Debug|Any CPU
		{6A09828B-7BBA-40A6-BADE-B3CA4C238177}.Debug|x64.Build.0 = Debug|Any CPU
		{6A09828B-7BBA-40A6-BADE-B3CA4C238177}.Debug|x86.ActiveCfg = Debug|Any CPU
		{6A09828B-7BBA-40A6-BADE-B3CA4C238177}.Debug|x86.Build.0 = Debug|Any CPU
		{6A09828B-7BBA-40A6-BADE-B3CA4C238177}.Release|Any CPU.ActiveCfg = Release|Any CPU
		{6A09828B-7BBA-40A6-BADE-B3CA4C238177}.Release|Any CPU.Build.0 = Release|Any CPU
		{6A09828B-7BBA-40A6-BADE-B3CA4C238177}.Release|ARM.ActiveCfg = Release|Any CPU
		{6A09828B-7BBA-40A6-BADE-B3CA4C238177}.Release|ARM.Build.0 = Release|Any CPU
		{6A09828B-7BBA-40A6-BADE-B3CA4C238177}.Release|ARM64.ActiveCfg = Release|Any CPU
		{6A09828B-7BBA-40A6-BADE-B3CA4C238177}.Release|ARM64.Build.0 = Release|Any CPU
		{6A09828B-7BBA-40A6-BADE-B3CA4C238177}.Release|iPhone.ActiveCfg = Release|Any CPU
		{6A09828B-7BBA-40A6-BADE-B3CA4C238177}.Release|iPhone.Build.0 = Release|Any CPU
		{6A09828B-7BBA-40A6-BADE-B3CA4C238177}.Release|iPhoneSimulator.ActiveCfg = Release|Any CPU
		{6A09828B-7BBA-40A6-BADE-B3CA4C238177}.Release|iPhoneSimulator.Build.0 = Release|Any CPU
		{6A09828B-7BBA-40A6-BADE-B3CA4C238177}.Release|x64.ActiveCfg = Release|Any CPU
		{6A09828B-7BBA-40A6-BADE-B3CA4C238177}.Release|x64.Build.0 = Release|Any CPU
		{6A09828B-7BBA-40A6-BADE-B3CA4C238177}.Release|x86.ActiveCfg = Release|Any CPU
		{6A09828B-7BBA-40A6-BADE-B3CA4C238177}.Release|x86.Build.0 = Release|Any CPU
	EndGlobalSection
	GlobalSection(SolutionProperties) = preSolution
		HideSolutionNode = FALSE
	EndGlobalSection
	GlobalSection(NestedProjects) = preSolution
		{9F9F6B2C-EC78-4887-9E2B-9765D1C8DE3C} = {F86FF579-9A2B-420A-A312-2C0906D51019}
		{9116935B-16DE-4347-AFE0-DAF4D0DE54C1} = {4855C9B1-CB9B-484F-93B2-894C897CEB67}
		{B6C0021C-4A2C-4075-9331-0CB9805F7ACB} = {F86FF579-9A2B-420A-A312-2C0906D51019}
		{43749FFF-BF2C-441D-B02D-CE09F15603D4} = {4855C9B1-CB9B-484F-93B2-894C897CEB67}
		{5E623F4C-9A93-4FA9-A7A8-C1ECA9EC7A0B} = {C51ECCC7-59F3-475B-A8EC-378BF27A6309}
		{6C7C78E4-AF9C-409F-8D34-465539CEE5F6} = {C51ECCC7-59F3-475B-A8EC-378BF27A6309}
		{6A09828B-7BBA-40A6-BADE-B3CA4C238177} = {C51ECCC7-59F3-475B-A8EC-378BF27A6309}
	EndGlobalSection
	GlobalSection(ExtensibilityGlobals) = postSolution
		SolutionGuid = {DBF72A75-ABAA-4477-BAAB-0EB870F029E1}
	EndGlobalSection
EndGlobal
