
Microsoft Visual Studio Solution File, Format Version 12.00
# Visual Studio Version 16
VisualStudioVersion = 16.0.30011.22
MinimumVisualStudioVersion = 10.0.40219.1
Project("{2150E333-8FDC-42A3-9474-1A3956D46DE8}") = "Core", "Core", "{F86FF579-9A2B-420A-A312-2C0906D51019}"
EndProject
Project("{2150E333-8FDC-42A3-9474-1A3956D46DE8}") = "IoT", "IoT", "{EDFFC0DD-9482-439E-B97D-AF41BAA68BD2}"
EndProject
Project("{2150E333-8FDC-42A3-9474-1A3956D46DE8}") = "Desktop", "Desktop", "{A38CFDE1-2957-4EF1-A77E-F9C05B9A8D47}"
EndProject
Project("{2150E333-8FDC-42A3-9474-1A3956D46DE8}") = "Web", "Web", "{8AB16A5A-2302-47FA-ADBB-756122FB1F51}"
EndProject
Project("{2150E333-8FDC-42A3-9474-1A3956D46DE8}") = "Developer Tools", "Developer Tools", "{4855C9B1-CB9B-484F-93B2-894C897CEB67}"
EndProject
Project("{2150E333-8FDC-42A3-9474-1A3956D46DE8}") = "Solution Items", "Solution Items", "{0FAFDCB2-6D0D-4735-BDA1-39BD7ECE96CA}"
	ProjectSection(SolutionItems) = preProject
		.editorconfig = .editorconfig
		.gitignore = .gitignore
		AnnaDisplay\appsettings.Development.json = AnnaDisplay\appsettings.Development.json
		AnnaDisplay\appsettings.json = AnnaDisplay\appsettings.json
		license.txt = license.txt
		README.md = README.md
	EndProjectSection
EndProject
Project("{9A19103F-16F7-4668-BE54-9A1E7A4F7556}") = "AnnaMLTools", "annaMLTools\AnnaMLTools.csproj", "{43749FFF-BF2C-441D-B02D-CE09F15603D4}"
EndProject
Project("{2150E333-8FDC-42A3-9474-1A3956D46DE8}") = "Mobile", "Mobile", "{3B5EC9A0-F1AF-4777-912E-448D62AEDE12}"
EndProject
Project("{2150E333-8FDC-42A3-9474-1A3956D46DE8}") = "Experimental", "Experimental", "{C51ECCC7-59F3-475B-A8EC-378BF27A6309}"
EndProject
Project("{9A19103F-16F7-4668-BE54-9A1E7A4F7556}") = "annaCore2", "annaCore2\annaCore2.csproj", "{5E623F4C-9A93-4FA9-A7A8-C1ECA9EC7A0B}"
EndProject
Project("{9A19103F-16F7-4668-BE54-9A1E7A4F7556}") = "TestExtension", "TestExtension\TestExtension.csproj", "{6C7C78E4-AF9C-409F-8D34-465539CEE5F6}"
EndProject
Project("{9A19103F-16F7-4668-BE54-9A1E7A4F7556}") = "ANNATests", "ANNATests\ANNATests.csproj", "{6A09828B-7BBA-40A6-BADE-B3CA4C238177}"
EndProject
Project("{2150E333-8FDC-42A3-9474-1A3956D46DE8}") = "Tests", "Tests", "{E2AB3E75-8B96-4764-8769-FA61C4A9522D}"
EndProject
Project("{2150E333-8FDC-42A3-9474-1A3956D46DE8}") = "Wrappers", "Wrappers", "{DB6FA7BA-273A-4B30-8118-6443CF91FA1C}"
EndProject
Project("{2150E333-8FDC-42A3-9474-1A3956D46DE8}") = "C++", "C++", "{5B6F596B-922B-43BC-81BE-D84491BCAB84}"
EndProject
Project("{9A19103F-16F7-4668-BE54-9A1E7A4F7556}") = "DataRetrieval", "DataRetrieval\DataRetrieval.csproj", "{3CE5C7D8-59D8-4A3A-9C2D-A3328FD1193B}"
EndProject
Project("{9A19103F-16F7-4668-BE54-9A1E7A4F7556}") = "MlToolsTests", "MlToolsTests\MlToolsTests.csproj", "{6185E8F2-5E84-429C-ABD2-A42372282C40}"
EndProject
Project("{C7167F0D-BC9F-4E6E-AFE1-012C56B48DB5}") = "AnnaDesktop (Package)", "AnnaDesktop\AnnaDesktop (Package)\AnnaDesktop (Package).wapproj", "{30B135AC-216B-4239-ACEE-8F4EFA95CB80}"
EndProject
Project("{9A19103F-16F7-4668-BE54-9A1E7A4F7556}") = "AnnaDesktop", "AnnaDesktop\AnnaDesktop\AnnaDesktop.csproj", "{70491457-F488-4EB1-9E8E-55ED7DED3030}"
EndProject
Project("{2150E333-8FDC-42A3-9474-1A3956D46DE8}") = "Open Source Dependencies", "Open Source Dependencies", "{201BE6B0-38F9-43D8-A8A1-1CB0FC74B5B5}"
EndProject
Project("{FAE04EC0-301F-11D3-BF4B-00C04F79EFBC}") = "Word2vec.Tools", "Dependencies\Open Source Solutions\Word2vec.Tools-master\Word2vec.Tools\Word2vec.Tools.csproj", "{50FE2BFE-C932-45E9-B109-A7DD0CAA3139}"
EndProject
Global
	GlobalSection(SolutionConfigurationPlatforms) = preSolution
		Ad-Hoc|Any CPU = Ad-Hoc|Any CPU
		Ad-Hoc|ARM = Ad-Hoc|ARM
		Ad-Hoc|ARM64 = Ad-Hoc|ARM64
		Ad-Hoc|iPhone = Ad-Hoc|iPhone
		Ad-Hoc|iPhoneSimulator = Ad-Hoc|iPhoneSimulator
		Ad-Hoc|x64 = Ad-Hoc|x64
		Ad-Hoc|x86 = Ad-Hoc|x86
		AppStore|Any CPU = AppStore|Any CPU
		AppStore|ARM = AppStore|ARM
		AppStore|ARM64 = AppStore|ARM64
		AppStore|iPhone = AppStore|iPhone
		AppStore|iPhoneSimulator = AppStore|iPhoneSimulator
		AppStore|x64 = AppStore|x64
		AppStore|x86 = AppStore|x86
		Debug|Any CPU = Debug|Any CPU
		Debug|ARM = Debug|ARM
		Debug|ARM64 = Debug|ARM64
		Debug|iPhone = Debug|iPhone
		Debug|iPhoneSimulator = Debug|iPhoneSimulator
		Debug|x64 = Debug|x64
		Debug|x86 = Debug|x86
		Release|Any CPU = Release|Any CPU
		Release|ARM = Release|ARM
		Release|ARM64 = Release|ARM64
		Release|iPhone = Release|iPhone
		Release|iPhoneSimulator = Release|iPhoneSimulator
		Release|x64 = Release|x64
		Release|x86 = Release|x86
	EndGlobalSection
	GlobalSection(ProjectConfigurationPlatforms) = postSolution
		{43749FFF-BF2C-441D-B02D-CE09F15603D4}.Ad-Hoc|Any CPU.ActiveCfg = Release|Any CPU
		{43749FFF-BF2C-441D-B02D-CE09F15603D4}.Ad-Hoc|Any CPU.Build.0 = Release|Any CPU
		{43749FFF-BF2C-441D-B02D-CE09F15603D4}.Ad-Hoc|ARM.ActiveCfg = Release|Any CPU
		{43749FFF-BF2C-441D-B02D-CE09F15603D4}.Ad-Hoc|ARM.Build.0 = Release|Any CPU
		{43749FFF-BF2C-441D-B02D-CE09F15603D4}.Ad-Hoc|ARM64.ActiveCfg = Release|Any CPU
		{43749FFF-BF2C-441D-B02D-CE09F15603D4}.Ad-Hoc|ARM64.Build.0 = Release|Any CPU
		{43749FFF-BF2C-441D-B02D-CE09F15603D4}.Ad-Hoc|iPhone.ActiveCfg = Release|Any CPU
		{43749FFF-BF2C-441D-B02D-CE09F15603D4}.Ad-Hoc|iPhone.Build.0 = Release|Any CPU
		{43749FFF-BF2C-441D-B02D-CE09F15603D4}.Ad-Hoc|iPhoneSimulator.ActiveCfg = Release|Any CPU
		{43749FFF-BF2C-441D-B02D-CE09F15603D4}.Ad-Hoc|iPhoneSimulator.Build.0 = Release|Any CPU
		{43749FFF-BF2C-441D-B02D-CE09F15603D4}.Ad-Hoc|x64.ActiveCfg = Release|Any CPU
		{43749FFF-BF2C-441D-B02D-CE09F15603D4}.Ad-Hoc|x64.Build.0 = Release|Any CPU
		{43749FFF-BF2C-441D-B02D-CE09F15603D4}.Ad-Hoc|x86.ActiveCfg = Release|Any CPU
		{43749FFF-BF2C-441D-B02D-CE09F15603D4}.Ad-Hoc|x86.Build.0 = Release|Any CPU
		{43749FFF-BF2C-441D-B02D-CE09F15603D4}.AppStore|Any CPU.ActiveCfg = Release|Any CPU
		{43749FFF-BF2C-441D-B02D-CE09F15603D4}.AppStore|Any CPU.Build.0 = Release|Any CPU
		{43749FFF-BF2C-441D-B02D-CE09F15603D4}.AppStore|ARM.ActiveCfg = Release|Any CPU
		{43749FFF-BF2C-441D-B02D-CE09F15603D4}.AppStore|ARM.Build.0 = Release|Any CPU
		{43749FFF-BF2C-441D-B02D-CE09F15603D4}.AppStore|ARM64.ActiveCfg = Release|Any CPU
		{43749FFF-BF2C-441D-B02D-CE09F15603D4}.AppStore|ARM64.Build.0 = Release|Any CPU
		{43749FFF-BF2C-441D-B02D-CE09F15603D4}.AppStore|iPhone.ActiveCfg = Release|Any CPU
		{43749FFF-BF2C-441D-B02D-CE09F15603D4}.AppStore|iPhone.Build.0 = Release|Any CPU
		{43749FFF-BF2C-441D-B02D-CE09F15603D4}.AppStore|iPhoneSimulator.ActiveCfg = Release|Any CPU
		{43749FFF-BF2C-441D-B02D-CE09F15603D4}.AppStore|iPhoneSimulator.Build.0 = Release|Any CPU
		{43749FFF-BF2C-441D-B02D-CE09F15603D4}.AppStore|x64.ActiveCfg = Release|Any CPU
		{43749FFF-BF2C-441D-B02D-CE09F15603D4}.AppStore|x64.Build.0 = Release|Any CPU
		{43749FFF-BF2C-441D-B02D-CE09F15603D4}.AppStore|x86.ActiveCfg = Release|Any CPU
		{43749FFF-BF2C-441D-B02D-CE09F15603D4}.AppStore|x86.Build.0 = Release|Any CPU
		{43749FFF-BF2C-441D-B02D-CE09F15603D4}.Debug|Any CPU.ActiveCfg = Debug|Any CPU
		{43749FFF-BF2C-441D-B02D-CE09F15603D4}.Debug|Any CPU.Build.0 = Debug|Any CPU
		{43749FFF-BF2C-441D-B02D-CE09F15603D4}.Debug|ARM.ActiveCfg = Debug|Any CPU
		{43749FFF-BF2C-441D-B02D-CE09F15603D4}.Debug|ARM.Build.0 = Debug|Any CPU
		{43749FFF-BF2C-441D-B02D-CE09F15603D4}.Debug|ARM64.ActiveCfg = Debug|Any CPU
		{43749FFF-BF2C-441D-B02D-CE09F15603D4}.Debug|ARM64.Build.0 = Debug|Any CPU
		{43749FFF-BF2C-441D-B02D-CE09F15603D4}.Debug|iPhone.ActiveCfg = Debug|Any CPU
		{43749FFF-BF2C-441D-B02D-CE09F15603D4}.Debug|iPhone.Build.0 = Debug|Any CPU
		{43749FFF-BF2C-441D-B02D-CE09F15603D4}.Debug|iPhoneSimulator.ActiveCfg = Debug|Any CPU
		{43749FFF-BF2C-441D-B02D-CE09F15603D4}.Debug|iPhoneSimulator.Build.0 = Debug|Any CPU
		{43749FFF-BF2C-441D-B02D-CE09F15603D4}.Debug|x64.ActiveCfg = Debug|Any CPU
		{43749FFF-BF2C-441D-B02D-CE09F15603D4}.Debug|x64.Build.0 = Debug|Any CPU
		{43749FFF-BF2C-441D-B02D-CE09F15603D4}.Debug|x86.ActiveCfg = Debug|Any CPU
		{43749FFF-BF2C-441D-B02D-CE09F15603D4}.Debug|x86.Build.0 = Debug|Any CPU
		{43749FFF-BF2C-441D-B02D-CE09F15603D4}.Release|Any CPU.ActiveCfg = Release|Any CPU
		{43749FFF-BF2C-441D-B02D-CE09F15603D4}.Release|Any CPU.Build.0 = Release|Any CPU
		{43749FFF-BF2C-441D-B02D-CE09F15603D4}.Release|ARM.ActiveCfg = Release|Any CPU
		{43749FFF-BF2C-441D-B02D-CE09F15603D4}.Release|ARM.Build.0 = Release|Any CPU
		{43749FFF-BF2C-441D-B02D-CE09F15603D4}.Release|ARM64.ActiveCfg = Release|Any CPU
		{43749FFF-BF2C-441D-B02D-CE09F15603D4}.Release|ARM64.Build.0 = Release|Any CPU
		{43749FFF-BF2C-441D-B02D-CE09F15603D4}.Release|iPhone.ActiveCfg = Release|Any CPU
		{43749FFF-BF2C-441D-B02D-CE09F15603D4}.Release|iPhone.Build.0 = Release|Any CPU
		{43749FFF-BF2C-441D-B02D-CE09F15603D4}.Release|iPhoneSimulator.ActiveCfg = Release|Any CPU
		{43749FFF-BF2C-441D-B02D-CE09F15603D4}.Release|iPhoneSimulator.Build.0 = Release|Any CPU
		{43749FFF-BF2C-441D-B02D-CE09F15603D4}.Release|x64.ActiveCfg = Release|Any CPU
		{43749FFF-BF2C-441D-B02D-CE09F15603D4}.Release|x64.Build.0 = Release|Any CPU
		{43749FFF-BF2C-441D-B02D-CE09F15603D4}.Release|x86.ActiveCfg = Release|Any CPU
		{43749FFF-BF2C-441D-B02D-CE09F15603D4}.Release|x86.Build.0 = Release|Any CPU
		{5E623F4C-9A93-4FA9-A7A8-C1ECA9EC7A0B}.Ad-Hoc|Any CPU.ActiveCfg = Debug|Any CPU
		{5E623F4C-9A93-4FA9-A7A8-C1ECA9EC7A0B}.Ad-Hoc|Any CPU.Build.0 = Debug|Any CPU
		{5E623F4C-9A93-4FA9-A7A8-C1ECA9EC7A0B}.Ad-Hoc|ARM.ActiveCfg = Debug|Any CPU
		{5E623F4C-9A93-4FA9-A7A8-C1ECA9EC7A0B}.Ad-Hoc|ARM.Build.0 = Debug|Any CPU
		{5E623F4C-9A93-4FA9-A7A8-C1ECA9EC7A0B}.Ad-Hoc|ARM64.ActiveCfg = Debug|Any CPU
		{5E623F4C-9A93-4FA9-A7A8-C1ECA9EC7A0B}.Ad-Hoc|ARM64.Build.0 = Debug|Any CPU
		{5E623F4C-9A93-4FA9-A7A8-C1ECA9EC7A0B}.Ad-Hoc|iPhone.ActiveCfg = Debug|Any CPU
		{5E623F4C-9A93-4FA9-A7A8-C1ECA9EC7A0B}.Ad-Hoc|iPhone.Build.0 = Debug|Any CPU
		{5E623F4C-9A93-4FA9-A7A8-C1ECA9EC7A0B}.Ad-Hoc|iPhoneSimulator.ActiveCfg = Debug|Any CPU
		{5E623F4C-9A93-4FA9-A7A8-C1ECA9EC7A0B}.Ad-Hoc|iPhoneSimulator.Build.0 = Debug|Any CPU
		{5E623F4C-9A93-4FA9-A7A8-C1ECA9EC7A0B}.Ad-Hoc|x64.ActiveCfg = Debug|Any CPU
		{5E623F4C-9A93-4FA9-A7A8-C1ECA9EC7A0B}.Ad-Hoc|x64.Build.0 = Debug|Any CPU
		{5E623F4C-9A93-4FA9-A7A8-C1ECA9EC7A0B}.Ad-Hoc|x86.ActiveCfg = Debug|Any CPU
		{5E623F4C-9A93-4FA9-A7A8-C1ECA9EC7A0B}.Ad-Hoc|x86.Build.0 = Debug|Any CPU
		{5E623F4C-9A93-4FA9-A7A8-C1ECA9EC7A0B}.AppStore|Any CPU.ActiveCfg = Debug|Any CPU
		{5E623F4C-9A93-4FA9-A7A8-C1ECA9EC7A0B}.AppStore|Any CPU.Build.0 = Debug|Any CPU
		{5E623F4C-9A93-4FA9-A7A8-C1ECA9EC7A0B}.AppStore|ARM.ActiveCfg = Debug|Any CPU
		{5E623F4C-9A93-4FA9-A7A8-C1ECA9EC7A0B}.AppStore|ARM.Build.0 = Debug|Any CPU
		{5E623F4C-9A93-4FA9-A7A8-C1ECA9EC7A0B}.AppStore|ARM64.ActiveCfg = Debug|Any CPU
		{5E623F4C-9A93-4FA9-A7A8-C1ECA9EC7A0B}.AppStore|ARM64.Build.0 = Debug|Any CPU
		{5E623F4C-9A93-4FA9-A7A8-C1ECA9EC7A0B}.AppStore|iPhone.ActiveCfg = Debug|Any CPU
		{5E623F4C-9A93-4FA9-A7A8-C1ECA9EC7A0B}.AppStore|iPhone.Build.0 = Debug|Any CPU
		{5E623F4C-9A93-4FA9-A7A8-C1ECA9EC7A0B}.AppStore|iPhoneSimulator.ActiveCfg = Debug|Any CPU
		{5E623F4C-9A93-4FA9-A7A8-C1ECA9EC7A0B}.AppStore|iPhoneSimulator.Build.0 = Debug|Any CPU
		{5E623F4C-9A93-4FA9-A7A8-C1ECA9EC7A0B}.AppStore|x64.ActiveCfg = Debug|Any CPU
		{5E623F4C-9A93-4FA9-A7A8-C1ECA9EC7A0B}.AppStore|x64.Build.0 = Debug|Any CPU
		{5E623F4C-9A93-4FA9-A7A8-C1ECA9EC7A0B}.AppStore|x86.ActiveCfg = Debug|Any CPU
		{5E623F4C-9A93-4FA9-A7A8-C1ECA9EC7A0B}.AppStore|x86.Build.0 = Debug|Any CPU
		{5E623F4C-9A93-4FA9-A7A8-C1ECA9EC7A0B}.Debug|Any CPU.ActiveCfg = Debug|Any CPU
		{5E623F4C-9A93-4FA9-A7A8-C1ECA9EC7A0B}.Debug|Any CPU.Build.0 = Debug|Any CPU
		{5E623F4C-9A93-4FA9-A7A8-C1ECA9EC7A0B}.Debug|ARM.ActiveCfg = Debug|Any CPU
		{5E623F4C-9A93-4FA9-A7A8-C1ECA9EC7A0B}.Debug|ARM.Build.0 = Debug|Any CPU
		{5E623F4C-9A93-4FA9-A7A8-C1ECA9EC7A0B}.Debug|ARM64.ActiveCfg = Debug|Any CPU
		{5E623F4C-9A93-4FA9-A7A8-C1ECA9EC7A0B}.Debug|ARM64.Build.0 = Debug|Any CPU
		{5E623F4C-9A93-4FA9-A7A8-C1ECA9EC7A0B}.Debug|iPhone.ActiveCfg = Debug|Any CPU
		{5E623F4C-9A93-4FA9-A7A8-C1ECA9EC7A0B}.Debug|iPhone.Build.0 = Debug|Any CPU
		{5E623F4C-9A93-4FA9-A7A8-C1ECA9EC7A0B}.Debug|iPhoneSimulator.ActiveCfg = Debug|Any CPU
		{5E623F4C-9A93-4FA9-A7A8-C1ECA9EC7A0B}.Debug|iPhoneSimulator.Build.0 = Debug|Any CPU
		{5E623F4C-9A93-4FA9-A7A8-C1ECA9EC7A0B}.Debug|x64.ActiveCfg = Debug|Any CPU
		{5E623F4C-9A93-4FA9-A7A8-C1ECA9EC7A0B}.Debug|x64.Build.0 = Debug|Any CPU
		{5E623F4C-9A93-4FA9-A7A8-C1ECA9EC7A0B}.Debug|x86.ActiveCfg = Debug|Any CPU
		{5E623F4C-9A93-4FA9-A7A8-C1ECA9EC7A0B}.Debug|x86.Build.0 = Debug|Any CPU
		{5E623F4C-9A93-4FA9-A7A8-C1ECA9EC7A0B}.Release|Any CPU.ActiveCfg = Release|Any CPU
		{5E623F4C-9A93-4FA9-A7A8-C1ECA9EC7A0B}.Release|Any CPU.Build.0 = Release|Any CPU
		{5E623F4C-9A93-4FA9-A7A8-C1ECA9EC7A0B}.Release|ARM.ActiveCfg = Release|Any CPU
		{5E623F4C-9A93-4FA9-A7A8-C1ECA9EC7A0B}.Release|ARM.Build.0 = Release|Any CPU
		{5E623F4C-9A93-4FA9-A7A8-C1ECA9EC7A0B}.Release|ARM64.ActiveCfg = Release|Any CPU
		{5E623F4C-9A93-4FA9-A7A8-C1ECA9EC7A0B}.Release|ARM64.Build.0 = Release|Any CPU
		{5E623F4C-9A93-4FA9-A7A8-C1ECA9EC7A0B}.Release|iPhone.ActiveCfg = Release|Any CPU
		{5E623F4C-9A93-4FA9-A7A8-C1ECA9EC7A0B}.Release|iPhone.Build.0 = Release|Any CPU
		{5E623F4C-9A93-4FA9-A7A8-C1ECA9EC7A0B}.Release|iPhoneSimulator.ActiveCfg = Release|Any CPU
		{5E623F4C-9A93-4FA9-A7A8-C1ECA9EC7A0B}.Release|iPhoneSimulator.Build.0 = Release|Any CPU
		{5E623F4C-9A93-4FA9-A7A8-C1ECA9EC7A0B}.Release|x64.ActiveCfg = Release|Any CPU
		{5E623F4C-9A93-4FA9-A7A8-C1ECA9EC7A0B}.Release|x64.Build.0 = Release|Any CPU
		{5E623F4C-9A93-4FA9-A7A8-C1ECA9EC7A0B}.Release|x86.ActiveCfg = Release|Any CPU
		{5E623F4C-9A93-4FA9-A7A8-C1ECA9EC7A0B}.Release|x86.Build.0 = Release|Any CPU
		{6C7C78E4-AF9C-409F-8D34-465539CEE5F6}.Ad-Hoc|Any CPU.ActiveCfg = Debug|Any CPU
		{6C7C78E4-AF9C-409F-8D34-465539CEE5F6}.Ad-Hoc|Any CPU.Build.0 = Debug|Any CPU
		{6C7C78E4-AF9C-409F-8D34-465539CEE5F6}.Ad-Hoc|ARM.ActiveCfg = Debug|Any CPU
		{6C7C78E4-AF9C-409F-8D34-465539CEE5F6}.Ad-Hoc|ARM.Build.0 = Debug|Any CPU
		{6C7C78E4-AF9C-409F-8D34-465539CEE5F6}.Ad-Hoc|ARM64.ActiveCfg = Debug|Any CPU
		{6C7C78E4-AF9C-409F-8D34-465539CEE5F6}.Ad-Hoc|ARM64.Build.0 = Debug|Any CPU
		{6C7C78E4-AF9C-409F-8D34-465539CEE5F6}.Ad-Hoc|iPhone.ActiveCfg = Debug|Any CPU
		{6C7C78E4-AF9C-409F-8D34-465539CEE5F6}.Ad-Hoc|iPhone.Build.0 = Debug|Any CPU
		{6C7C78E4-AF9C-409F-8D34-465539CEE5F6}.Ad-Hoc|iPhoneSimulator.ActiveCfg = Debug|Any CPU
		{6C7C78E4-AF9C-409F-8D34-465539CEE5F6}.Ad-Hoc|iPhoneSimulator.Build.0 = Debug|Any CPU
		{6C7C78E4-AF9C-409F-8D34-465539CEE5F6}.Ad-Hoc|x64.ActiveCfg = Debug|Any CPU
		{6C7C78E4-AF9C-409F-8D34-465539CEE5F6}.Ad-Hoc|x64.Build.0 = Debug|Any CPU
		{6C7C78E4-AF9C-409F-8D34-465539CEE5F6}.Ad-Hoc|x86.ActiveCfg = Debug|Any CPU
		{6C7C78E4-AF9C-409F-8D34-465539CEE5F6}.Ad-Hoc|x86.Build.0 = Debug|Any CPU
		{6C7C78E4-AF9C-409F-8D34-465539CEE5F6}.AppStore|Any CPU.ActiveCfg = Debug|Any CPU
		{6C7C78E4-AF9C-409F-8D34-465539CEE5F6}.AppStore|Any CPU.Build.0 = Debug|Any CPU
		{6C7C78E4-AF9C-409F-8D34-465539CEE5F6}.AppStore|ARM.ActiveCfg = Debug|Any CPU
		{6C7C78E4-AF9C-409F-8D34-465539CEE5F6}.AppStore|ARM.Build.0 = Debug|Any CPU
		{6C7C78E4-AF9C-409F-8D34-465539CEE5F6}.AppStore|ARM64.ActiveCfg = Debug|Any CPU
		{6C7C78E4-AF9C-409F-8D34-465539CEE5F6}.AppStore|ARM64.Build.0 = Debug|Any CPU
		{6C7C78E4-AF9C-409F-8D34-465539CEE5F6}.AppStore|iPhone.ActiveCfg = Debug|Any CPU
		{6C7C78E4-AF9C-409F-8D34-465539CEE5F6}.AppStore|iPhone.Build.0 = Debug|Any CPU
		{6C7C78E4-AF9C-409F-8D34-465539CEE5F6}.AppStore|iPhoneSimulator.ActiveCfg = Debug|Any CPU
		{6C7C78E4-AF9C-409F-8D34-465539CEE5F6}.AppStore|iPhoneSimulator.Build.0 = Debug|Any CPU
		{6C7C78E4-AF9C-409F-8D34-465539CEE5F6}.AppStore|x64.ActiveCfg = Debug|Any CPU
		{6C7C78E4-AF9C-409F-8D34-465539CEE5F6}.AppStore|x64.Build.0 = Debug|Any CPU
		{6C7C78E4-AF9C-409F-8D34-465539CEE5F6}.AppStore|x86.ActiveCfg = Debug|Any CPU
		{6C7C78E4-AF9C-409F-8D34-465539CEE5F6}.AppStore|x86.Build.0 = Debug|Any CPU
		{6C7C78E4-AF9C-409F-8D34-465539CEE5F6}.Debug|Any CPU.ActiveCfg = Debug|Any CPU
		{6C7C78E4-AF9C-409F-8D34-465539CEE5F6}.Debug|Any CPU.Build.0 = Debug|Any CPU
		{6C7C78E4-AF9C-409F-8D34-465539CEE5F6}.Debug|ARM.ActiveCfg = Debug|Any CPU
		{6C7C78E4-AF9C-409F-8D34-465539CEE5F6}.Debug|ARM.Build.0 = Debug|Any CPU
		{6C7C78E4-AF9C-409F-8D34-465539CEE5F6}.Debug|ARM64.ActiveCfg = Debug|Any CPU
		{6C7C78E4-AF9C-409F-8D34-465539CEE5F6}.Debug|ARM64.Build.0 = Debug|Any CPU
		{6C7C78E4-AF9C-409F-8D34-465539CEE5F6}.Debug|iPhone.ActiveCfg = Debug|Any CPU
		{6C7C78E4-AF9C-409F-8D34-465539CEE5F6}.Debug|iPhone.Build.0 = Debug|Any CPU
		{6C7C78E4-AF9C-409F-8D34-465539CEE5F6}.Debug|iPhoneSimulator.ActiveCfg = Debug|Any CPU
		{6C7C78E4-AF9C-409F-8D34-465539CEE5F6}.Debug|iPhoneSimulator.Build.0 = Debug|Any CPU
		{6C7C78E4-AF9C-409F-8D34-465539CEE5F6}.Debug|x64.ActiveCfg = Debug|Any CPU
		{6C7C78E4-AF9C-409F-8D34-465539CEE5F6}.Debug|x64.Build.0 = Debug|Any CPU
		{6C7C78E4-AF9C-409F-8D34-465539CEE5F6}.Debug|x86.ActiveCfg = Debug|Any CPU
		{6C7C78E4-AF9C-409F-8D34-465539CEE5F6}.Debug|x86.Build.0 = Debug|Any CPU
		{6C7C78E4-AF9C-409F-8D34-465539CEE5F6}.Release|Any CPU.ActiveCfg = Release|Any CPU
		{6C7C78E4-AF9C-409F-8D34-465539CEE5F6}.Release|Any CPU.Build.0 = Release|Any CPU
		{6C7C78E4-AF9C-409F-8D34-465539CEE5F6}.Release|ARM.ActiveCfg = Release|Any CPU
		{6C7C78E4-AF9C-409F-8D34-465539CEE5F6}.Release|ARM.Build.0 = Release|Any CPU
		{6C7C78E4-AF9C-409F-8D34-465539CEE5F6}.Release|ARM64.ActiveCfg = Release|Any CPU
		{6C7C78E4-AF9C-409F-8D34-465539CEE5F6}.Release|ARM64.Build.0 = Release|Any CPU
		{6C7C78E4-AF9C-409F-8D34-465539CEE5F6}.Release|iPhone.ActiveCfg = Release|Any CPU
		{6C7C78E4-AF9C-409F-8D34-465539CEE5F6}.Release|iPhone.Build.0 = Release|Any CPU
		{6C7C78E4-AF9C-409F-8D34-465539CEE5F6}.Release|iPhoneSimulator.ActiveCfg = Release|Any CPU
		{6C7C78E4-AF9C-409F-8D34-465539CEE5F6}.Release|iPhoneSimulator.Build.0 = Release|Any CPU
		{6C7C78E4-AF9C-409F-8D34-465539CEE5F6}.Release|x64.ActiveCfg = Release|Any CPU
		{6C7C78E4-AF9C-409F-8D34-465539CEE5F6}.Release|x64.Build.0 = Release|Any CPU
		{6C7C78E4-AF9C-409F-8D34-465539CEE5F6}.Release|x86.ActiveCfg = Release|Any CPU
		{6C7C78E4-AF9C-409F-8D34-465539CEE5F6}.Release|x86.Build.0 = Release|Any CPU
		{6A09828B-7BBA-40A6-BADE-B3CA4C238177}.Ad-Hoc|Any CPU.ActiveCfg = Debug|Any CPU
		{6A09828B-7BBA-40A6-BADE-B3CA4C238177}.Ad-Hoc|Any CPU.Build.0 = Debug|Any CPU
		{6A09828B-7BBA-40A6-BADE-B3CA4C238177}.Ad-Hoc|ARM.ActiveCfg = Debug|Any CPU
		{6A09828B-7BBA-40A6-BADE-B3CA4C238177}.Ad-Hoc|ARM.Build.0 = Debug|Any CPU
		{6A09828B-7BBA-40A6-BADE-B3CA4C238177}.Ad-Hoc|ARM64.ActiveCfg = Debug|Any CPU
		{6A09828B-7BBA-40A6-BADE-B3CA4C238177}.Ad-Hoc|ARM64.Build.0 = Debug|Any CPU
		{6A09828B-7BBA-40A6-BADE-B3CA4C238177}.Ad-Hoc|iPhone.ActiveCfg = Debug|Any CPU
		{6A09828B-7BBA-40A6-BADE-B3CA4C238177}.Ad-Hoc|iPhone.Build.0 = Debug|Any CPU
		{6A09828B-7BBA-40A6-BADE-B3CA4C238177}.Ad-Hoc|iPhoneSimulator.ActiveCfg = Debug|Any CPU
		{6A09828B-7BBA-40A6-BADE-B3CA4C238177}.Ad-Hoc|iPhoneSimulator.Build.0 = Debug|Any CPU
		{6A09828B-7BBA-40A6-BADE-B3CA4C238177}.Ad-Hoc|x64.ActiveCfg = Debug|Any CPU
		{6A09828B-7BBA-40A6-BADE-B3CA4C238177}.Ad-Hoc|x64.Build.0 = Debug|Any CPU
		{6A09828B-7BBA-40A6-BADE-B3CA4C238177}.Ad-Hoc|x86.ActiveCfg = Debug|Any CPU
		{6A09828B-7BBA-40A6-BADE-B3CA4C238177}.Ad-Hoc|x86.Build.0 = Debug|Any CPU
		{6A09828B-7BBA-40A6-BADE-B3CA4C238177}.AppStore|Any CPU.ActiveCfg = Debug|Any CPU
		{6A09828B-7BBA-40A6-BADE-B3CA4C238177}.AppStore|Any CPU.Build.0 = Debug|Any CPU
		{6A09828B-7BBA-40A6-BADE-B3CA4C238177}.AppStore|ARM.ActiveCfg = Debug|Any CPU
		{6A09828B-7BBA-40A6-BADE-B3CA4C238177}.AppStore|ARM.Build.0 = Debug|Any CPU
		{6A09828B-7BBA-40A6-BADE-B3CA4C238177}.AppStore|ARM64.ActiveCfg = Debug|Any CPU
		{6A09828B-7BBA-40A6-BADE-B3CA4C238177}.AppStore|ARM64.Build.0 = Debug|Any CPU
		{6A09828B-7BBA-40A6-BADE-B3CA4C238177}.AppStore|iPhone.ActiveCfg = Debug|Any CPU
		{6A09828B-7BBA-40A6-BADE-B3CA4C238177}.AppStore|iPhone.Build.0 = Debug|Any CPU
		{6A09828B-7BBA-40A6-BADE-B3CA4C238177}.AppStore|iPhoneSimulator.ActiveCfg = Debug|Any CPU
		{6A09828B-7BBA-40A6-BADE-B3CA4C238177}.AppStore|iPhoneSimulator.Build.0 = Debug|Any CPU
		{6A09828B-7BBA-40A6-BADE-B3CA4C238177}.AppStore|x64.ActiveCfg = Debug|Any CPU
		{6A09828B-7BBA-40A6-BADE-B3CA4C238177}.AppStore|x64.Build.0 = Debug|Any CPU
		{6A09828B-7BBA-40A6-BADE-B3CA4C238177}.AppStore|x86.ActiveCfg = Debug|Any CPU
		{6A09828B-7BBA-40A6-BADE-B3CA4C238177}.AppStore|x86.Build.0 = Debug|Any CPU
		{6A09828B-7BBA-40A6-BADE-B3CA4C238177}.Debug|Any CPU.ActiveCfg = Debug|Any CPU
		{6A09828B-7BBA-40A6-BADE-B3CA4C238177}.Debug|Any CPU.Build.0 = Debug|Any CPU
		{6A09828B-7BBA-40A6-BADE-B3CA4C238177}.Debug|ARM.ActiveCfg = Debug|Any CPU
		{6A09828B-7BBA-40A6-BADE-B3CA4C238177}.Debug|ARM.Build.0 = Debug|Any CPU
		{6A09828B-7BBA-40A6-BADE-B3CA4C238177}.Debug|ARM64.ActiveCfg = Debug|Any CPU
		{6A09828B-7BBA-40A6-BADE-B3CA4C238177}.Debug|ARM64.Build.0 = Debug|Any CPU
		{6A09828B-7BBA-40A6-BADE-B3CA4C238177}.Debug|iPhone.ActiveCfg = Debug|Any CPU
		{6A09828B-7BBA-40A6-BADE-B3CA4C238177}.Debug|iPhone.Build.0 = Debug|Any CPU
		{6A09828B-7BBA-40A6-BADE-B3CA4C238177}.Debug|iPhoneSimulator.ActiveCfg = Debug|Any CPU
		{6A09828B-7BBA-40A6-BADE-B3CA4C238177}.Debug|iPhoneSimulator.Build.0 = Debug|Any CPU
		{6A09828B-7BBA-40A6-BADE-B3CA4C238177}.Debug|x64.ActiveCfg = Debug|Any CPU
		{6A09828B-7BBA-40A6-BADE-B3CA4C238177}.Debug|x64.Build.0 = Debug|Any CPU
		{6A09828B-7BBA-40A6-BADE-B3CA4C238177}.Debug|x86.ActiveCfg = Debug|Any CPU
		{6A09828B-7BBA-40A6-BADE-B3CA4C238177}.Debug|x86.Build.0 = Debug|Any CPU
		{6A09828B-7BBA-40A6-BADE-B3CA4C238177}.Release|Any CPU.ActiveCfg = Release|Any CPU
		{6A09828B-7BBA-40A6-BADE-B3CA4C238177}.Release|Any CPU.Build.0 = Release|Any CPU
		{6A09828B-7BBA-40A6-BADE-B3CA4C238177}.Release|ARM.ActiveCfg = Release|Any CPU
		{6A09828B-7BBA-40A6-BADE-B3CA4C238177}.Release|ARM.Build.0 = Release|Any CPU
		{6A09828B-7BBA-40A6-BADE-B3CA4C238177}.Release|ARM64.ActiveCfg = Release|Any CPU
		{6A09828B-7BBA-40A6-BADE-B3CA4C238177}.Release|ARM64.Build.0 = Release|Any CPU
		{6A09828B-7BBA-40A6-BADE-B3CA4C238177}.Release|iPhone.ActiveCfg = Release|Any CPU
		{6A09828B-7BBA-40A6-BADE-B3CA4C238177}.Release|iPhone.Build.0 = Release|Any CPU
		{6A09828B-7BBA-40A6-BADE-B3CA4C238177}.Release|iPhoneSimulator.ActiveCfg = Release|Any CPU
		{6A09828B-7BBA-40A6-BADE-B3CA4C238177}.Release|iPhoneSimulator.Build.0 = Release|Any CPU
		{6A09828B-7BBA-40A6-BADE-B3CA4C238177}.Release|x64.ActiveCfg = Release|Any CPU
		{6A09828B-7BBA-40A6-BADE-B3CA4C238177}.Release|x64.Build.0 = Release|Any CPU
		{6A09828B-7BBA-40A6-BADE-B3CA4C238177}.Release|x86.ActiveCfg = Release|Any CPU
		{6A09828B-7BBA-40A6-BADE-B3CA4C238177}.Release|x86.Build.0 = Release|Any CPU
		{3CE5C7D8-59D8-4A3A-9C2D-A3328FD1193B}.Ad-Hoc|Any CPU.ActiveCfg = Debug|Any CPU
		{3CE5C7D8-59D8-4A3A-9C2D-A3328FD1193B}.Ad-Hoc|Any CPU.Build.0 = Debug|Any CPU
		{3CE5C7D8-59D8-4A3A-9C2D-A3328FD1193B}.Ad-Hoc|ARM.ActiveCfg = Debug|Any CPU
		{3CE5C7D8-59D8-4A3A-9C2D-A3328FD1193B}.Ad-Hoc|ARM.Build.0 = Debug|Any CPU
		{3CE5C7D8-59D8-4A3A-9C2D-A3328FD1193B}.Ad-Hoc|ARM64.ActiveCfg = Debug|Any CPU
		{3CE5C7D8-59D8-4A3A-9C2D-A3328FD1193B}.Ad-Hoc|ARM64.Build.0 = Debug|Any CPU
		{3CE5C7D8-59D8-4A3A-9C2D-A3328FD1193B}.Ad-Hoc|iPhone.ActiveCfg = Debug|Any CPU
		{3CE5C7D8-59D8-4A3A-9C2D-A3328FD1193B}.Ad-Hoc|iPhone.Build.0 = Debug|Any CPU
		{3CE5C7D8-59D8-4A3A-9C2D-A3328FD1193B}.Ad-Hoc|iPhoneSimulator.ActiveCfg = Debug|Any CPU
		{3CE5C7D8-59D8-4A3A-9C2D-A3328FD1193B}.Ad-Hoc|iPhoneSimulator.Build.0 = Debug|Any CPU
		{3CE5C7D8-59D8-4A3A-9C2D-A3328FD1193B}.Ad-Hoc|x64.ActiveCfg = Debug|Any CPU
		{3CE5C7D8-59D8-4A3A-9C2D-A3328FD1193B}.Ad-Hoc|x64.Build.0 = Debug|Any CPU
		{3CE5C7D8-59D8-4A3A-9C2D-A3328FD1193B}.Ad-Hoc|x86.ActiveCfg = Debug|Any CPU
		{3CE5C7D8-59D8-4A3A-9C2D-A3328FD1193B}.Ad-Hoc|x86.Build.0 = Debug|Any CPU
		{3CE5C7D8-59D8-4A3A-9C2D-A3328FD1193B}.AppStore|Any CPU.ActiveCfg = Debug|Any CPU
		{3CE5C7D8-59D8-4A3A-9C2D-A3328FD1193B}.AppStore|Any CPU.Build.0 = Debug|Any CPU
		{3CE5C7D8-59D8-4A3A-9C2D-A3328FD1193B}.AppStore|ARM.ActiveCfg = Debug|Any CPU
		{3CE5C7D8-59D8-4A3A-9C2D-A3328FD1193B}.AppStore|ARM.Build.0 = Debug|Any CPU
		{3CE5C7D8-59D8-4A3A-9C2D-A3328FD1193B}.AppStore|ARM64.ActiveCfg = Debug|Any CPU
		{3CE5C7D8-59D8-4A3A-9C2D-A3328FD1193B}.AppStore|ARM64.Build.0 = Debug|Any CPU
		{3CE5C7D8-59D8-4A3A-9C2D-A3328FD1193B}.AppStore|iPhone.ActiveCfg = Debug|Any CPU
		{3CE5C7D8-59D8-4A3A-9C2D-A3328FD1193B}.AppStore|iPhone.Build.0 = Debug|Any CPU
		{3CE5C7D8-59D8-4A3A-9C2D-A3328FD1193B}.AppStore|iPhoneSimulator.ActiveCfg = Debug|Any CPU
		{3CE5C7D8-59D8-4A3A-9C2D-A3328FD1193B}.AppStore|iPhoneSimulator.Build.0 = Debug|Any CPU
		{3CE5C7D8-59D8-4A3A-9C2D-A3328FD1193B}.AppStore|x64.ActiveCfg = Debug|Any CPU
		{3CE5C7D8-59D8-4A3A-9C2D-A3328FD1193B}.AppStore|x64.Build.0 = Debug|Any CPU
		{3CE5C7D8-59D8-4A3A-9C2D-A3328FD1193B}.AppStore|x86.ActiveCfg = Debug|Any CPU
		{3CE5C7D8-59D8-4A3A-9C2D-A3328FD1193B}.AppStore|x86.Build.0 = Debug|Any CPU
		{3CE5C7D8-59D8-4A3A-9C2D-A3328FD1193B}.Debug|Any CPU.ActiveCfg = Debug|Any CPU
		{3CE5C7D8-59D8-4A3A-9C2D-A3328FD1193B}.Debug|Any CPU.Build.0 = Debug|Any CPU
		{3CE5C7D8-59D8-4A3A-9C2D-A3328FD1193B}.Debug|ARM.ActiveCfg = Debug|Any CPU
		{3CE5C7D8-59D8-4A3A-9C2D-A3328FD1193B}.Debug|ARM.Build.0 = Debug|Any CPU
		{3CE5C7D8-59D8-4A3A-9C2D-A3328FD1193B}.Debug|ARM64.ActiveCfg = Debug|Any CPU
		{3CE5C7D8-59D8-4A3A-9C2D-A3328FD1193B}.Debug|ARM64.Build.0 = Debug|Any CPU
		{3CE5C7D8-59D8-4A3A-9C2D-A3328FD1193B}.Debug|iPhone.ActiveCfg = Debug|Any CPU
		{3CE5C7D8-59D8-4A3A-9C2D-A3328FD1193B}.Debug|iPhone.Build.0 = Debug|Any CPU
		{3CE5C7D8-59D8-4A3A-9C2D-A3328FD1193B}.Debug|iPhoneSimulator.ActiveCfg = Debug|Any CPU
		{3CE5C7D8-59D8-4A3A-9C2D-A3328FD1193B}.Debug|iPhoneSimulator.Build.0 = Debug|Any CPU
		{3CE5C7D8-59D8-4A3A-9C2D-A3328FD1193B}.Debug|x64.ActiveCfg = Debug|Any CPU
		{3CE5C7D8-59D8-4A3A-9C2D-A3328FD1193B}.Debug|x64.Build.0 = Debug|Any CPU
		{3CE5C7D8-59D8-4A3A-9C2D-A3328FD1193B}.Debug|x86.ActiveCfg = Debug|Any CPU
		{3CE5C7D8-59D8-4A3A-9C2D-A3328FD1193B}.Debug|x86.Build.0 = Debug|Any CPU
		{3CE5C7D8-59D8-4A3A-9C2D-A3328FD1193B}.Release|Any CPU.ActiveCfg = Release|Any CPU
		{3CE5C7D8-59D8-4A3A-9C2D-A3328FD1193B}.Release|Any CPU.Build.0 = Release|Any CPU
		{3CE5C7D8-59D8-4A3A-9C2D-A3328FD1193B}.Release|ARM.ActiveCfg = Release|Any CPU
		{3CE5C7D8-59D8-4A3A-9C2D-A3328FD1193B}.Release|ARM.Build.0 = Release|Any CPU
		{3CE5C7D8-59D8-4A3A-9C2D-A3328FD1193B}.Release|ARM64.ActiveCfg = Release|Any CPU
		{3CE5C7D8-59D8-4A3A-9C2D-A3328FD1193B}.Release|ARM64.Build.0 = Release|Any CPU
		{3CE5C7D8-59D8-4A3A-9C2D-A3328FD1193B}.Release|iPhone.ActiveCfg = Release|Any CPU
		{3CE5C7D8-59D8-4A3A-9C2D-A3328FD1193B}.Release|iPhone.Build.0 = Release|Any CPU
		{3CE5C7D8-59D8-4A3A-9C2D-A3328FD1193B}.Release|iPhoneSimulator.ActiveCfg = Release|Any CPU
		{3CE5C7D8-59D8-4A3A-9C2D-A3328FD1193B}.Release|iPhoneSimulator.Build.0 = Release|Any CPU
		{3CE5C7D8-59D8-4A3A-9C2D-A3328FD1193B}.Release|x64.ActiveCfg = Release|Any CPU
		{3CE5C7D8-59D8-4A3A-9C2D-A3328FD1193B}.Release|x64.Build.0 = Release|Any CPU
		{3CE5C7D8-59D8-4A3A-9C2D-A3328FD1193B}.Release|x86.ActiveCfg = Release|Any CPU
		{3CE5C7D8-59D8-4A3A-9C2D-A3328FD1193B}.Release|x86.Build.0 = Release|Any CPU
		{6185E8F2-5E84-429C-ABD2-A42372282C40}.Ad-Hoc|Any CPU.ActiveCfg = Debug|Any CPU
		{6185E8F2-5E84-429C-ABD2-A42372282C40}.Ad-Hoc|Any CPU.Build.0 = Debug|Any CPU
		{6185E8F2-5E84-429C-ABD2-A42372282C40}.Ad-Hoc|ARM.ActiveCfg = Debug|Any CPU
		{6185E8F2-5E84-429C-ABD2-A42372282C40}.Ad-Hoc|ARM.Build.0 = Debug|Any CPU
		{6185E8F2-5E84-429C-ABD2-A42372282C40}.Ad-Hoc|ARM64.ActiveCfg = Debug|Any CPU
		{6185E8F2-5E84-429C-ABD2-A42372282C40}.Ad-Hoc|ARM64.Build.0 = Debug|Any CPU
		{6185E8F2-5E84-429C-ABD2-A42372282C40}.Ad-Hoc|iPhone.ActiveCfg = Debug|Any CPU
		{6185E8F2-5E84-429C-ABD2-A42372282C40}.Ad-Hoc|iPhone.Build.0 = Debug|Any CPU
		{6185E8F2-5E84-429C-ABD2-A42372282C40}.Ad-Hoc|iPhoneSimulator.ActiveCfg = Debug|Any CPU
		{6185E8F2-5E84-429C-ABD2-A42372282C40}.Ad-Hoc|iPhoneSimulator.Build.0 = Debug|Any CPU
		{6185E8F2-5E84-429C-ABD2-A42372282C40}.Ad-Hoc|x64.ActiveCfg = Debug|Any CPU
		{6185E8F2-5E84-429C-ABD2-A42372282C40}.Ad-Hoc|x64.Build.0 = Debug|Any CPU
		{6185E8F2-5E84-429C-ABD2-A42372282C40}.Ad-Hoc|x86.ActiveCfg = Debug|Any CPU
		{6185E8F2-5E84-429C-ABD2-A42372282C40}.Ad-Hoc|x86.Build.0 = Debug|Any CPU
		{6185E8F2-5E84-429C-ABD2-A42372282C40}.AppStore|Any CPU.ActiveCfg = Debug|Any CPU
		{6185E8F2-5E84-429C-ABD2-A42372282C40}.AppStore|Any CPU.Build.0 = Debug|Any CPU
		{6185E8F2-5E84-429C-ABD2-A42372282C40}.AppStore|ARM.ActiveCfg = Debug|Any CPU
		{6185E8F2-5E84-429C-ABD2-A42372282C40}.AppStore|ARM.Build.0 = Debug|Any CPU
		{6185E8F2-5E84-429C-ABD2-A42372282C40}.AppStore|ARM64.ActiveCfg = Debug|Any CPU
		{6185E8F2-5E84-429C-ABD2-A42372282C40}.AppStore|ARM64.Build.0 = Debug|Any CPU
		{6185E8F2-5E84-429C-ABD2-A42372282C40}.AppStore|iPhone.ActiveCfg = Debug|Any CPU
		{6185E8F2-5E84-429C-ABD2-A42372282C40}.AppStore|iPhone.Build.0 = Debug|Any CPU
		{6185E8F2-5E84-429C-ABD2-A42372282C40}.AppStore|iPhoneSimulator.ActiveCfg = Debug|Any CPU
		{6185E8F2-5E84-429C-ABD2-A42372282C40}.AppStore|iPhoneSimulator.Build.0 = Debug|Any CPU
		{6185E8F2-5E84-429C-ABD2-A42372282C40}.AppStore|x64.ActiveCfg = Debug|Any CPU
		{6185E8F2-5E84-429C-ABD2-A42372282C40}.AppStore|x64.Build.0 = Debug|Any CPU
		{6185E8F2-5E84-429C-ABD2-A42372282C40}.AppStore|x86.ActiveCfg = Debug|Any CPU
		{6185E8F2-5E84-429C-ABD2-A42372282C40}.AppStore|x86.Build.0 = Debug|Any CPU
		{6185E8F2-5E84-429C-ABD2-A42372282C40}.Debug|Any CPU.ActiveCfg = Debug|Any CPU
		{6185E8F2-5E84-429C-ABD2-A42372282C40}.Debug|Any CPU.Build.0 = Debug|Any CPU
		{6185E8F2-5E84-429C-ABD2-A42372282C40}.Debug|ARM.ActiveCfg = Debug|Any CPU
		{6185E8F2-5E84-429C-ABD2-A42372282C40}.Debug|ARM.Build.0 = Debug|Any CPU
		{6185E8F2-5E84-429C-ABD2-A42372282C40}.Debug|ARM64.ActiveCfg = Debug|Any CPU
		{6185E8F2-5E84-429C-ABD2-A42372282C40}.Debug|ARM64.Build.0 = Debug|Any CPU
		{6185E8F2-5E84-429C-ABD2-A42372282C40}.Debug|iPhone.ActiveCfg = Debug|Any CPU
		{6185E8F2-5E84-429C-ABD2-A42372282C40}.Debug|iPhone.Build.0 = Debug|Any CPU
		{6185E8F2-5E84-429C-ABD2-A42372282C40}.Debug|iPhoneSimulator.ActiveCfg = Debug|Any CPU
		{6185E8F2-5E84-429C-ABD2-A42372282C40}.Debug|iPhoneSimulator.Build.0 = Debug|Any CPU
		{6185E8F2-5E84-429C-ABD2-A42372282C40}.Debug|x64.ActiveCfg = Debug|Any CPU
		{6185E8F2-5E84-429C-ABD2-A42372282C40}.Debug|x64.Build.0 = Debug|Any CPU
		{6185E8F2-5E84-429C-ABD2-A42372282C40}.Debug|x86.ActiveCfg = Debug|Any CPU
		{6185E8F2-5E84-429C-ABD2-A42372282C40}.Debug|x86.Build.0 = Debug|Any CPU
		{6185E8F2-5E84-429C-ABD2-A42372282C40}.Release|Any CPU.ActiveCfg = Release|Any CPU
		{6185E8F2-5E84-429C-ABD2-A42372282C40}.Release|Any CPU.Build.0 = Release|Any CPU
		{6185E8F2-5E84-429C-ABD2-A42372282C40}.Release|ARM.ActiveCfg = Release|Any CPU
		{6185E8F2-5E84-429C-ABD2-A42372282C40}.Release|ARM.Build.0 = Release|Any CPU
		{6185E8F2-5E84-429C-ABD2-A42372282C40}.Release|ARM64.ActiveCfg = Release|Any CPU
		{6185E8F2-5E84-429C-ABD2-A42372282C40}.Release|ARM64.Build.0 = Release|Any CPU
		{6185E8F2-5E84-429C-ABD2-A42372282C40}.Release|iPhone.ActiveCfg = Release|Any CPU
		{6185E8F2-5E84-429C-ABD2-A42372282C40}.Release|iPhone.Build.0 = Release|Any CPU
		{6185E8F2-5E84-429C-ABD2-A42372282C40}.Release|iPhoneSimulator.ActiveCfg = Release|Any CPU
		{6185E8F2-5E84-429C-ABD2-A42372282C40}.Release|iPhoneSimulator.Build.0 = Release|Any CPU
		{6185E8F2-5E84-429C-ABD2-A42372282C40}.Release|x64.ActiveCfg = Release|Any CPU
		{6185E8F2-5E84-429C-ABD2-A42372282C40}.Release|x64.Build.0 = Release|Any CPU
		{6185E8F2-5E84-429C-ABD2-A42372282C40}.Release|x86.ActiveCfg = Release|Any CPU
		{6185E8F2-5E84-429C-ABD2-A42372282C40}.Release|x86.Build.0 = Release|Any CPU
		{30B135AC-216B-4239-ACEE-8F4EFA95CB80}.Ad-Hoc|Any CPU.ActiveCfg = Debug|arm64
		{30B135AC-216B-4239-ACEE-8F4EFA95CB80}.Ad-Hoc|Any CPU.Build.0 = Debug|arm64
		{30B135AC-216B-4239-ACEE-8F4EFA95CB80}.Ad-Hoc|Any CPU.Deploy.0 = Debug|arm64
		{30B135AC-216B-4239-ACEE-8F4EFA95CB80}.Ad-Hoc|ARM.ActiveCfg = Debug|arm64
		{30B135AC-216B-4239-ACEE-8F4EFA95CB80}.Ad-Hoc|ARM.Build.0 = Debug|arm64
		{30B135AC-216B-4239-ACEE-8F4EFA95CB80}.Ad-Hoc|ARM.Deploy.0 = Debug|arm64
		{30B135AC-216B-4239-ACEE-8F4EFA95CB80}.Ad-Hoc|ARM64.ActiveCfg = Debug|arm64
		{30B135AC-216B-4239-ACEE-8F4EFA95CB80}.Ad-Hoc|ARM64.Build.0 = Debug|arm64
		{30B135AC-216B-4239-ACEE-8F4EFA95CB80}.Ad-Hoc|ARM64.Deploy.0 = Debug|arm64
		{30B135AC-216B-4239-ACEE-8F4EFA95CB80}.Ad-Hoc|iPhone.ActiveCfg = Debug|arm64
		{30B135AC-216B-4239-ACEE-8F4EFA95CB80}.Ad-Hoc|iPhone.Build.0 = Debug|arm64
		{30B135AC-216B-4239-ACEE-8F4EFA95CB80}.Ad-Hoc|iPhone.Deploy.0 = Debug|arm64
		{30B135AC-216B-4239-ACEE-8F4EFA95CB80}.Ad-Hoc|iPhoneSimulator.ActiveCfg = Debug|arm64
		{30B135AC-216B-4239-ACEE-8F4EFA95CB80}.Ad-Hoc|iPhoneSimulator.Build.0 = Debug|arm64
		{30B135AC-216B-4239-ACEE-8F4EFA95CB80}.Ad-Hoc|iPhoneSimulator.Deploy.0 = Debug|arm64
		{30B135AC-216B-4239-ACEE-8F4EFA95CB80}.Ad-Hoc|x64.ActiveCfg = Debug|x64
		{30B135AC-216B-4239-ACEE-8F4EFA95CB80}.Ad-Hoc|x64.Build.0 = Debug|x64
		{30B135AC-216B-4239-ACEE-8F4EFA95CB80}.Ad-Hoc|x64.Deploy.0 = Debug|x64
		{30B135AC-216B-4239-ACEE-8F4EFA95CB80}.Ad-Hoc|x86.ActiveCfg = Debug|x86
		{30B135AC-216B-4239-ACEE-8F4EFA95CB80}.Ad-Hoc|x86.Build.0 = Debug|x86
		{30B135AC-216B-4239-ACEE-8F4EFA95CB80}.Ad-Hoc|x86.Deploy.0 = Debug|x86
		{30B135AC-216B-4239-ACEE-8F4EFA95CB80}.AppStore|Any CPU.ActiveCfg = Debug|arm64
		{30B135AC-216B-4239-ACEE-8F4EFA95CB80}.AppStore|Any CPU.Build.0 = Debug|arm64
		{30B135AC-216B-4239-ACEE-8F4EFA95CB80}.AppStore|Any CPU.Deploy.0 = Debug|arm64
		{30B135AC-216B-4239-ACEE-8F4EFA95CB80}.AppStore|ARM.ActiveCfg = Debug|arm64
		{30B135AC-216B-4239-ACEE-8F4EFA95CB80}.AppStore|ARM.Build.0 = Debug|arm64
		{30B135AC-216B-4239-ACEE-8F4EFA95CB80}.AppStore|ARM.Deploy.0 = Debug|arm64
		{30B135AC-216B-4239-ACEE-8F4EFA95CB80}.AppStore|ARM64.ActiveCfg = Debug|arm64
		{30B135AC-216B-4239-ACEE-8F4EFA95CB80}.AppStore|ARM64.Build.0 = Debug|arm64
		{30B135AC-216B-4239-ACEE-8F4EFA95CB80}.AppStore|ARM64.Deploy.0 = Debug|arm64
		{30B135AC-216B-4239-ACEE-8F4EFA95CB80}.AppStore|iPhone.ActiveCfg = Debug|arm64
		{30B135AC-216B-4239-ACEE-8F4EFA95CB80}.AppStore|iPhone.Build.0 = Debug|arm64
		{30B135AC-216B-4239-ACEE-8F4EFA95CB80}.AppStore|iPhone.Deploy.0 = Debug|arm64
		{30B135AC-216B-4239-ACEE-8F4EFA95CB80}.AppStore|iPhoneSimulator.ActiveCfg = Debug|arm64
		{30B135AC-216B-4239-ACEE-8F4EFA95CB80}.AppStore|iPhoneSimulator.Build.0 = Debug|arm64
		{30B135AC-216B-4239-ACEE-8F4EFA95CB80}.AppStore|iPhoneSimulator.Deploy.0 = Debug|arm64
		{30B135AC-216B-4239-ACEE-8F4EFA95CB80}.AppStore|x64.ActiveCfg = Debug|x64
		{30B135AC-216B-4239-ACEE-8F4EFA95CB80}.AppStore|x64.Build.0 = Debug|x64
		{30B135AC-216B-4239-ACEE-8F4EFA95CB80}.AppStore|x64.Deploy.0 = Debug|x64
		{30B135AC-216B-4239-ACEE-8F4EFA95CB80}.AppStore|x86.ActiveCfg = Debug|x86
		{30B135AC-216B-4239-ACEE-8F4EFA95CB80}.AppStore|x86.Build.0 = Debug|x86
		{30B135AC-216B-4239-ACEE-8F4EFA95CB80}.AppStore|x86.Deploy.0 = Debug|x86
		{30B135AC-216B-4239-ACEE-8F4EFA95CB80}.Debug|Any CPU.ActiveCfg = Debug|x86
		{30B135AC-216B-4239-ACEE-8F4EFA95CB80}.Debug|ARM.ActiveCfg = Debug|x86
		{30B135AC-216B-4239-ACEE-8F4EFA95CB80}.Debug|ARM64.ActiveCfg = Debug|arm64
		{30B135AC-216B-4239-ACEE-8F4EFA95CB80}.Debug|ARM64.Build.0 = Debug|arm64
		{30B135AC-216B-4239-ACEE-8F4EFA95CB80}.Debug|ARM64.Deploy.0 = Debug|arm64
		{30B135AC-216B-4239-ACEE-8F4EFA95CB80}.Debug|iPhone.ActiveCfg = Debug|x86
		{30B135AC-216B-4239-ACEE-8F4EFA95CB80}.Debug|iPhoneSimulator.ActiveCfg = Debug|x86
		{30B135AC-216B-4239-ACEE-8F4EFA95CB80}.Debug|x64.ActiveCfg = Debug|x64
		{30B135AC-216B-4239-ACEE-8F4EFA95CB80}.Debug|x64.Build.0 = Debug|x64
		{30B135AC-216B-4239-ACEE-8F4EFA95CB80}.Debug|x64.Deploy.0 = Debug|x64
		{30B135AC-216B-4239-ACEE-8F4EFA95CB80}.Debug|x86.ActiveCfg = Debug|x86
		{30B135AC-216B-4239-ACEE-8F4EFA95CB80}.Debug|x86.Build.0 = Debug|x86
		{30B135AC-216B-4239-ACEE-8F4EFA95CB80}.Debug|x86.Deploy.0 = Debug|x86
		{30B135AC-216B-4239-ACEE-8F4EFA95CB80}.Release|Any CPU.ActiveCfg = Release|x86
		{30B135AC-216B-4239-ACEE-8F4EFA95CB80}.Release|ARM.ActiveCfg = Release|x86
		{30B135AC-216B-4239-ACEE-8F4EFA95CB80}.Release|ARM64.ActiveCfg = Release|arm64
		{30B135AC-216B-4239-ACEE-8F4EFA95CB80}.Release|ARM64.Build.0 = Release|arm64
		{30B135AC-216B-4239-ACEE-8F4EFA95CB80}.Release|ARM64.Deploy.0 = Release|arm64
		{30B135AC-216B-4239-ACEE-8F4EFA95CB80}.Release|iPhone.ActiveCfg = Release|x86
		{30B135AC-216B-4239-ACEE-8F4EFA95CB80}.Release|iPhoneSimulator.ActiveCfg = Release|x86
		{30B135AC-216B-4239-ACEE-8F4EFA95CB80}.Release|x64.ActiveCfg = Release|x64
		{30B135AC-216B-4239-ACEE-8F4EFA95CB80}.Release|x64.Build.0 = Release|x64
		{30B135AC-216B-4239-ACEE-8F4EFA95CB80}.Release|x64.Deploy.0 = Release|x64
		{30B135AC-216B-4239-ACEE-8F4EFA95CB80}.Release|x86.ActiveCfg = Release|x86
		{30B135AC-216B-4239-ACEE-8F4EFA95CB80}.Release|x86.Build.0 = Release|x86
		{30B135AC-216B-4239-ACEE-8F4EFA95CB80}.Release|x86.Deploy.0 = Release|x86
		{70491457-F488-4EB1-9E8E-55ED7DED3030}.Ad-Hoc|Any CPU.ActiveCfg = Debug|x86
		{70491457-F488-4EB1-9E8E-55ED7DED3030}.Ad-Hoc|Any CPU.Build.0 = Debug|x86
		{70491457-F488-4EB1-9E8E-55ED7DED3030}.Ad-Hoc|ARM.ActiveCfg = Debug|x86
		{70491457-F488-4EB1-9E8E-55ED7DED3030}.Ad-Hoc|ARM.Build.0 = Debug|x86
		{70491457-F488-4EB1-9E8E-55ED7DED3030}.Ad-Hoc|ARM64.ActiveCfg = Debug|arm64
		{70491457-F488-4EB1-9E8E-55ED7DED3030}.Ad-Hoc|ARM64.Build.0 = Debug|arm64
		{70491457-F488-4EB1-9E8E-55ED7DED3030}.Ad-Hoc|iPhone.ActiveCfg = Debug|x86
		{70491457-F488-4EB1-9E8E-55ED7DED3030}.Ad-Hoc|iPhone.Build.0 = Debug|x86
		{70491457-F488-4EB1-9E8E-55ED7DED3030}.Ad-Hoc|iPhoneSimulator.ActiveCfg = Debug|x86
		{70491457-F488-4EB1-9E8E-55ED7DED3030}.Ad-Hoc|iPhoneSimulator.Build.0 = Debug|x86
		{70491457-F488-4EB1-9E8E-55ED7DED3030}.Ad-Hoc|x64.ActiveCfg = Debug|x64
		{70491457-F488-4EB1-9E8E-55ED7DED3030}.Ad-Hoc|x64.Build.0 = Debug|x64
		{70491457-F488-4EB1-9E8E-55ED7DED3030}.Ad-Hoc|x86.ActiveCfg = Debug|x86
		{70491457-F488-4EB1-9E8E-55ED7DED3030}.Ad-Hoc|x86.Build.0 = Debug|x86
		{70491457-F488-4EB1-9E8E-55ED7DED3030}.AppStore|Any CPU.ActiveCfg = Debug|x86
		{70491457-F488-4EB1-9E8E-55ED7DED3030}.AppStore|Any CPU.Build.0 = Debug|x86
		{70491457-F488-4EB1-9E8E-55ED7DED3030}.AppStore|ARM.ActiveCfg = Debug|x86
		{70491457-F488-4EB1-9E8E-55ED7DED3030}.AppStore|ARM.Build.0 = Debug|x86
		{70491457-F488-4EB1-9E8E-55ED7DED3030}.AppStore|ARM64.ActiveCfg = Debug|arm64
		{70491457-F488-4EB1-9E8E-55ED7DED3030}.AppStore|ARM64.Build.0 = Debug|arm64
		{70491457-F488-4EB1-9E8E-55ED7DED3030}.AppStore|iPhone.ActiveCfg = Debug|x86
		{70491457-F488-4EB1-9E8E-55ED7DED3030}.AppStore|iPhone.Build.0 = Debug|x86
		{70491457-F488-4EB1-9E8E-55ED7DED3030}.AppStore|iPhoneSimulator.ActiveCfg = Debug|x86
		{70491457-F488-4EB1-9E8E-55ED7DED3030}.AppStore|iPhoneSimulator.Build.0 = Debug|x86
		{70491457-F488-4EB1-9E8E-55ED7DED3030}.AppStore|x64.ActiveCfg = Debug|x64
		{70491457-F488-4EB1-9E8E-55ED7DED3030}.AppStore|x64.Build.0 = Debug|x64
		{70491457-F488-4EB1-9E8E-55ED7DED3030}.AppStore|x86.ActiveCfg = Debug|x86
		{70491457-F488-4EB1-9E8E-55ED7DED3030}.AppStore|x86.Build.0 = Debug|x86
		{70491457-F488-4EB1-9E8E-55ED7DED3030}.Debug|Any CPU.ActiveCfg = Debug|x86
		{70491457-F488-4EB1-9E8E-55ED7DED3030}.Debug|ARM.ActiveCfg = Debug|x86
		{70491457-F488-4EB1-9E8E-55ED7DED3030}.Debug|ARM64.ActiveCfg = Debug|arm64
		{70491457-F488-4EB1-9E8E-55ED7DED3030}.Debug|ARM64.Build.0 = Debug|arm64
		{70491457-F488-4EB1-9E8E-55ED7DED3030}.Debug|iPhone.ActiveCfg = Debug|x86
		{70491457-F488-4EB1-9E8E-55ED7DED3030}.Debug|iPhoneSimulator.ActiveCfg = Debug|x86
		{70491457-F488-4EB1-9E8E-55ED7DED3030}.Debug|x64.ActiveCfg = Debug|x64
		{70491457-F488-4EB1-9E8E-55ED7DED3030}.Debug|x64.Build.0 = Debug|x64
		{70491457-F488-4EB1-9E8E-55ED7DED3030}.Debug|x86.ActiveCfg = Debug|x86
		{70491457-F488-4EB1-9E8E-55ED7DED3030}.Debug|x86.Build.0 = Debug|x86
		{70491457-F488-4EB1-9E8E-55ED7DED3030}.Release|Any CPU.ActiveCfg = Release|x86
		{70491457-F488-4EB1-9E8E-55ED7DED3030}.Release|ARM.ActiveCfg = Release|x86
		{70491457-F488-4EB1-9E8E-55ED7DED3030}.Release|ARM64.ActiveCfg = Release|arm64
		{70491457-F488-4EB1-9E8E-55ED7DED3030}.Release|ARM64.Build.0 = Release|arm64
		{70491457-F488-4EB1-9E8E-55ED7DED3030}.Release|iPhone.ActiveCfg = Release|x86
		{70491457-F488-4EB1-9E8E-55ED7DED3030}.Release|iPhoneSimulator.ActiveCfg = Release|x86
		{70491457-F488-4EB1-9E8E-55ED7DED3030}.Release|x64.ActiveCfg = Release|x64
		{70491457-F488-4EB1-9E8E-55ED7DED3030}.Release|x64.Build.0 = Release|x64
		{70491457-F488-4EB1-9E8E-55ED7DED3030}.Release|x86.ActiveCfg = Release|x86
		{70491457-F488-4EB1-9E8E-55ED7DED3030}.Release|x86.Build.0 = Release|x86
		{50FE2BFE-C932-45E9-B109-A7DD0CAA3139}.Ad-Hoc|Any CPU.ActiveCfg = Debug|Any CPU
		{50FE2BFE-C932-45E9-B109-A7DD0CAA3139}.Ad-Hoc|Any CPU.Build.0 = Debug|Any CPU
		{50FE2BFE-C932-45E9-B109-A7DD0CAA3139}.Ad-Hoc|ARM.ActiveCfg = Debug|Any CPU
		{50FE2BFE-C932-45E9-B109-A7DD0CAA3139}.Ad-Hoc|ARM.Build.0 = Debug|Any CPU
		{50FE2BFE-C932-45E9-B109-A7DD0CAA3139}.Ad-Hoc|ARM64.ActiveCfg = Debug|Any CPU
		{50FE2BFE-C932-45E9-B109-A7DD0CAA3139}.Ad-Hoc|ARM64.Build.0 = Debug|Any CPU
		{50FE2BFE-C932-45E9-B109-A7DD0CAA3139}.Ad-Hoc|iPhone.ActiveCfg = Debug|Any CPU
		{50FE2BFE-C932-45E9-B109-A7DD0CAA3139}.Ad-Hoc|iPhone.Build.0 = Debug|Any CPU
		{50FE2BFE-C932-45E9-B109-A7DD0CAA3139}.Ad-Hoc|iPhoneSimulator.ActiveCfg = Debug|Any CPU
		{50FE2BFE-C932-45E9-B109-A7DD0CAA3139}.Ad-Hoc|iPhoneSimulator.Build.0 = Debug|Any CPU
		{50FE2BFE-C932-45E9-B109-A7DD0CAA3139}.Ad-Hoc|x64.ActiveCfg = Debug|Any CPU
		{50FE2BFE-C932-45E9-B109-A7DD0CAA3139}.Ad-Hoc|x64.Build.0 = Debug|Any CPU
		{50FE2BFE-C932-45E9-B109-A7DD0CAA3139}.Ad-Hoc|x86.ActiveCfg = Debug|Any CPU
		{50FE2BFE-C932-45E9-B109-A7DD0CAA3139}.Ad-Hoc|x86.Build.0 = Debug|Any CPU
		{50FE2BFE-C932-45E9-B109-A7DD0CAA3139}.AppStore|Any CPU.ActiveCfg = Debug|Any CPU
		{50FE2BFE-C932-45E9-B109-A7DD0CAA3139}.AppStore|Any CPU.Build.0 = Debug|Any CPU
		{50FE2BFE-C932-45E9-B109-A7DD0CAA3139}.AppStore|ARM.ActiveCfg = Debug|Any CPU
		{50FE2BFE-C932-45E9-B109-A7DD0CAA3139}.AppStore|ARM.Build.0 = Debug|Any CPU
		{50FE2BFE-C932-45E9-B109-A7DD0CAA3139}.AppStore|ARM64.ActiveCfg = Debug|Any CPU
		{50FE2BFE-C932-45E9-B109-A7DD0CAA3139}.AppStore|ARM64.Build.0 = Debug|Any CPU
		{50FE2BFE-C932-45E9-B109-A7DD0CAA3139}.AppStore|iPhone.ActiveCfg = Debug|Any CPU
		{50FE2BFE-C932-45E9-B109-A7DD0CAA3139}.AppStore|iPhone.Build.0 = Debug|Any CPU
		{50FE2BFE-C932-45E9-B109-A7DD0CAA3139}.AppStore|iPhoneSimulator.ActiveCfg = Debug|Any CPU
		{50FE2BFE-C932-45E9-B109-A7DD0CAA3139}.AppStore|iPhoneSimulator.Build.0 = Debug|Any CPU
		{50FE2BFE-C932-45E9-B109-A7DD0CAA3139}.AppStore|x64.ActiveCfg = Debug|Any CPU
		{50FE2BFE-C932-45E9-B109-A7DD0CAA3139}.AppStore|x64.Build.0 = Debug|Any CPU
		{50FE2BFE-C932-45E9-B109-A7DD0CAA3139}.AppStore|x86.ActiveCfg = Debug|Any CPU
		{50FE2BFE-C932-45E9-B109-A7DD0CAA3139}.AppStore|x86.Build.0 = Debug|Any CPU
		{50FE2BFE-C932-45E9-B109-A7DD0CAA3139}.Debug|Any CPU.ActiveCfg = Debug|Any CPU
		{50FE2BFE-C932-45E9-B109-A7DD0CAA3139}.Debug|Any CPU.Build.0 = Debug|Any CPU
		{50FE2BFE-C932-45E9-B109-A7DD0CAA3139}.Debug|ARM.ActiveCfg = Debug|Any CPU
		{50FE2BFE-C932-45E9-B109-A7DD0CAA3139}.Debug|ARM.Build.0 = Debug|Any CPU
		{50FE2BFE-C932-45E9-B109-A7DD0CAA3139}.Debug|ARM64.ActiveCfg = Debug|Any CPU
		{50FE2BFE-C932-45E9-B109-A7DD0CAA3139}.Debug|ARM64.Build.0 = Debug|Any CPU
		{50FE2BFE-C932-45E9-B109-A7DD0CAA3139}.Debug|iPhone.ActiveCfg = Debug|Any CPU
		{50FE2BFE-C932-45E9-B109-A7DD0CAA3139}.Debug|iPhone.Build.0 = Debug|Any CPU
		{50FE2BFE-C932-45E9-B109-A7DD0CAA3139}.Debug|iPhoneSimulator.ActiveCfg = Debug|Any CPU
		{50FE2BFE-C932-45E9-B109-A7DD0CAA3139}.Debug|iPhoneSimulator.Build.0 = Debug|Any CPU
		{50FE2BFE-C932-45E9-B109-A7DD0CAA3139}.Debug|x64.ActiveCfg = Debug|Any CPU
		{50FE2BFE-C932-45E9-B109-A7DD0CAA3139}.Debug|x64.Build.0 = Debug|Any CPU
		{50FE2BFE-C932-45E9-B109-A7DD0CAA3139}.Debug|x86.ActiveCfg = Debug|Any CPU
		{50FE2BFE-C932-45E9-B109-A7DD0CAA3139}.Debug|x86.Build.0 = Debug|Any CPU
		{50FE2BFE-C932-45E9-B109-A7DD0CAA3139}.Release|Any CPU.ActiveCfg = Release|Any CPU
		{50FE2BFE-C932-45E9-B109-A7DD0CAA3139}.Release|Any CPU.Build.0 = Release|Any CPU
		{50FE2BFE-C932-45E9-B109-A7DD0CAA3139}.Release|ARM.ActiveCfg = Release|Any CPU
		{50FE2BFE-C932-45E9-B109-A7DD0CAA3139}.Release|ARM.Build.0 = Release|Any CPU
		{50FE2BFE-C932-45E9-B109-A7DD0CAA3139}.Release|ARM64.ActiveCfg = Release|Any CPU
		{50FE2BFE-C932-45E9-B109-A7DD0CAA3139}.Release|ARM64.Build.0 = Release|Any CPU
		{50FE2BFE-C932-45E9-B109-A7DD0CAA3139}.Release|iPhone.ActiveCfg = Release|Any CPU
		{50FE2BFE-C932-45E9-B109-A7DD0CAA3139}.Release|iPhone.Build.0 = Release|Any CPU
		{50FE2BFE-C932-45E9-B109-A7DD0CAA3139}.Release|iPhoneSimulator.ActiveCfg = Release|Any CPU
		{50FE2BFE-C932-45E9-B109-A7DD0CAA3139}.Release|iPhoneSimulator.Build.0 = Release|Any CPU
		{50FE2BFE-C932-45E9-B109-A7DD0CAA3139}.Release|x64.ActiveCfg = Release|Any CPU
		{50FE2BFE-C932-45E9-B109-A7DD0CAA3139}.Release|x64.Build.0 = Release|Any CPU
		{50FE2BFE-C932-45E9-B109-A7DD0CAA3139}.Release|x86.ActiveCfg = Release|Any CPU
		{50FE2BFE-C932-45E9-B109-A7DD0CAA3139}.Release|x86.Build.0 = Release|Any CPU
	EndGlobalSection
	GlobalSection(SolutionProperties) = preSolution
		HideSolutionNode = FALSE
	EndGlobalSection
	GlobalSection(NestedProjects) = preSolution
		{43749FFF-BF2C-441D-B02D-CE09F15603D4} = {4855C9B1-CB9B-484F-93B2-894C897CEB67}
		{5E623F4C-9A93-4FA9-A7A8-C1ECA9EC7A0B} = {F86FF579-9A2B-420A-A312-2C0906D51019}
		{6C7C78E4-AF9C-409F-8D34-465539CEE5F6} = {E2AB3E75-8B96-4764-8769-FA61C4A9522D}
		{6A09828B-7BBA-40A6-BADE-B3CA4C238177} = {E2AB3E75-8B96-4764-8769-FA61C4A9522D}
		{5B6F596B-922B-43BC-81BE-D84491BCAB84} = {DB6FA7BA-273A-4B30-8118-6443CF91FA1C}
		{3CE5C7D8-59D8-4A3A-9C2D-A3328FD1193B} = {4855C9B1-CB9B-484F-93B2-894C897CEB67}
		{6185E8F2-5E84-429C-ABD2-A42372282C40} = {E2AB3E75-8B96-4764-8769-FA61C4A9522D}
		{30B135AC-216B-4239-ACEE-8F4EFA95CB80} = {A38CFDE1-2957-4EF1-A77E-F9C05B9A8D47}
		{70491457-F488-4EB1-9E8E-55ED7DED3030} = {A38CFDE1-2957-4EF1-A77E-F9C05B9A8D47}
		{50FE2BFE-C932-45E9-B109-A7DD0CAA3139} = {201BE6B0-38F9-43D8-A8A1-1CB0FC74B5B5}
	EndGlobalSection
	GlobalSection(ExtensibilityGlobals) = postSolution
		SolutionGuid = {DBF72A75-ABAA-4477-BAAB-0EB870F029E1}
	EndGlobalSection
EndGlobal
